
Microsoft Visual Studio Solution File, Format Version 12.00
# Visual Studio Version 17
VisualStudioVersion = 17.6.33723.286
MinimumVisualStudioVersion = 10.0.40219.1
Project("{9A19103F-16F7-4668-BE54-9A1E7A4F7556}") = "Sample.Domain", "host\src\Sample.Domain\Sample.Domain.csproj", "{554AD327-6DBA-4F8F-96F8-81CE7A0C863F}"
EndProject
Project("{9A19103F-16F7-4668-BE54-9A1E7A4F7556}") = "Sample.Application", "host\src\Sample.Application\Sample.Application.csproj", "{1A94A50E-06DC-43C1-80B5-B662820EC3EB}"
EndProject
Project("{9A19103F-16F7-4668-BE54-9A1E7A4F7556}") = "Sample.EntityFrameworkCore", "host\src\Sample.EntityFrameworkCore\Sample.EntityFrameworkCore.csproj", "{C956DD76-69C8-4A9C-83EA-D17DF83340FD}"
EndProject
Project("{2150E333-8FDC-42A3-9474-1A3956D46DE8}") = "host", "host", "{CA9AC87F-097E-4F15-8393-4BC07735A5B0}"
EndProject
Project("{9A19103F-16F7-4668-BE54-9A1E7A4F7556}") = "Sample.Domain.Shared", "host\src\Sample.Domain.Shared\Sample.Domain.Shared.csproj", "{42F719ED-8413-4895-B5B4-5AB56079BC66}"
EndProject
Project("{9A19103F-16F7-4668-BE54-9A1E7A4F7556}") = "Sample.Application.Contracts", "host\src\Sample.Application.Contracts\Sample.Application.Contracts.csproj", "{520659C8-C734-4298-A3DA-B539DB9DFC0B}"
EndProject
Project("{9A19103F-16F7-4668-BE54-9A1E7A4F7556}") = "Sample.HttpApi", "host\src\Sample.HttpApi\Sample.HttpApi.csproj", "{4164BDF7-F527-4E85-9CE6-E3C2D7426A27}"
EndProject
Project("{9A19103F-16F7-4668-BE54-9A1E7A4F7556}") = "Sample.HttpApi.Client", "host\src\Sample.HttpApi.Client\Sample.HttpApi.Client.csproj", "{3B5A0094-670D-4BB1-BFDD-61B88A8773DC}"
EndProject
Project("{9A19103F-16F7-4668-BE54-9A1E7A4F7556}") = "Sample.DbMigrator", "host\src\Sample.DbMigrator\Sample.DbMigrator.csproj", "{AA94D832-1CCC-4715-95A9-A483F23A1A5D}"
EndProject
Project("{9A19103F-16F7-4668-BE54-9A1E7A4F7556}") = "Sample.HttpApi.Host", "host\src\Sample.HttpApi.Host\Sample.HttpApi.Host.csproj", "{748584B1-BA69-4F6A-81AA-F4BDE6BCE29D}"
EndProject
Project("{2150E333-8FDC-42A3-9474-1A3956D46DE8}") = "modules", "modules", "{9EAC2FB6-A28A-4851-B809-BF8216AAAFE0}"
EndProject
Project("{2150E333-8FDC-42A3-9474-1A3956D46DE8}") = "file-management", "file-management", "{DB8C2DD9-8574-494D-9C22-28043410E149}"
EndProject
Project("{9A19103F-16F7-4668-BE54-9A1E7A4F7556}") = "Passingwind.Abp.FileManagement.Domain.Shared", "modules\file-management\src\Passingwind.Abp.FileManagement.Domain.Shared\Passingwind.Abp.FileManagement.Domain.Shared.csproj", "{D64C1577-4929-4B60-939E-96DE1534891A}"
EndProject
Project("{9A19103F-16F7-4668-BE54-9A1E7A4F7556}") = "Passingwind.Abp.FileManagement.Domain", "modules\file-management\src\Passingwind.Abp.FileManagement.Domain\Passingwind.Abp.FileManagement.Domain.csproj", "{F2840BC7-0188-4606-9126-DADD0F5ABF7A}"
EndProject
Project("{9A19103F-16F7-4668-BE54-9A1E7A4F7556}") = "Passingwind.Abp.FileManagement.Application.Contracts", "modules\file-management\src\Passingwind.Abp.FileManagement.Application.Contracts\Passingwind.Abp.FileManagement.Application.Contracts.csproj", "{BD65D04F-08D5-40C1-8C24-77CA0BACB877}"
EndProject
Project("{9A19103F-16F7-4668-BE54-9A1E7A4F7556}") = "Passingwind.Abp.FileManagement.Application", "modules\file-management\src\Passingwind.Abp.FileManagement.Application\Passingwind.Abp.FileManagement.Application.csproj", "{78040F9E-3501-4A40-82DF-00A597710F35}"
EndProject
Project("{9A19103F-16F7-4668-BE54-9A1E7A4F7556}") = "Passingwind.Abp.FileManagement.EntityFrameworkCore", "modules\file-management\src\Passingwind.Abp.FileManagement.EntityFrameworkCore\Passingwind.Abp.FileManagement.EntityFrameworkCore.csproj", "{0CE86223-D31D-4315-A1F5-87BA3EE1B844}"
EndProject
Project("{9A19103F-16F7-4668-BE54-9A1E7A4F7556}") = "Passingwind.Abp.FileManagement.MongoDB", "modules\file-management\src\Passingwind.Abp.FileManagement.MongoDB\Passingwind.Abp.FileManagement.MongoDB.csproj", "{F1C58097-4C08-4D88-8976-6B3389391481}"
EndProject
Project("{9A19103F-16F7-4668-BE54-9A1E7A4F7556}") = "Passingwind.Abp.FileManagement.HttpApi", "modules\file-management\src\Passingwind.Abp.FileManagement.HttpApi\Passingwind.Abp.FileManagement.HttpApi.csproj", "{077AA5F8-8B61-420C-A6B5-0150A66FDB34}"
EndProject
Project("{9A19103F-16F7-4668-BE54-9A1E7A4F7556}") = "Passingwind.Abp.FileManagement.HttpApi.Client", "modules\file-management\src\Passingwind.Abp.FileManagement.HttpApi.Client\Passingwind.Abp.FileManagement.HttpApi.Client.csproj", "{36E2735F-CEAB-44C8-A6D1-2CDAFF399751}"
EndProject
Project("{2150E333-8FDC-42A3-9474-1A3956D46DE8}") = "src", "src", "{099118E5-14DC-42A3-AC87-AECAFE06A1A9}"
EndProject
Project("{2150E333-8FDC-42A3-9474-1A3956D46DE8}") = "identity-client-management", "identity-client-management", "{D3C0E9F4-1A62-44DC-9D67-52F5A1ABB9EC}"
EndProject
Project("{2150E333-8FDC-42A3-9474-1A3956D46DE8}") = "src", "src", "{112F3706-27EE-420A-A092-8C5AC2D922D0}"
EndProject
Project("{9A19103F-16F7-4668-BE54-9A1E7A4F7556}") = "Passingwind.Abp.IdentityClientManagement.Domain.Shared", "modules\identity-client-management\src\Passingwind.Abp.IdentityClientManagement.Domain.Shared\Passingwind.Abp.IdentityClientManagement.Domain.Shared.csproj", "{8919D6B3-78B8-4B38-90DB-10135553B922}"
EndProject
Project("{9A19103F-16F7-4668-BE54-9A1E7A4F7556}") = "Passingwind.Abp.IdentityClientManagement.Domain", "modules\identity-client-management\src\Passingwind.Abp.IdentityClientManagement.Domain\Passingwind.Abp.IdentityClientManagement.Domain.csproj", "{392E4532-AF3E-4953-A5AF-08EBA458D0F1}"
EndProject
Project("{9A19103F-16F7-4668-BE54-9A1E7A4F7556}") = "Passingwind.Abp.IdentityClientManagement.Application.Contracts", "modules\identity-client-management\src\Passingwind.Abp.IdentityClientManagement.Application.Contracts\Passingwind.Abp.IdentityClientManagement.Application.Contracts.csproj", "{02B8C6E2-B432-486A-803C-DD6B21176F0C}"
EndProject
Project("{9A19103F-16F7-4668-BE54-9A1E7A4F7556}") = "Passingwind.Abp.IdentityClientManagement.Application", "modules\identity-client-management\src\Passingwind.Abp.IdentityClientManagement.Application\Passingwind.Abp.IdentityClientManagement.Application.csproj", "{CC15B37E-8E72-431B-A18A-F0CA0073FF75}"
EndProject
Project("{9A19103F-16F7-4668-BE54-9A1E7A4F7556}") = "Passingwind.Abp.IdentityClientManagement.EntityFrameworkCore", "modules\identity-client-management\src\Passingwind.Abp.IdentityClientManagement.EntityFrameworkCore\Passingwind.Abp.IdentityClientManagement.EntityFrameworkCore.csproj", "{32DDB643-8D82-4BC8-A0D4-E4215C84853E}"
EndProject
Project("{9A19103F-16F7-4668-BE54-9A1E7A4F7556}") = "Passingwind.Abp.IdentityClientManagement.MongoDB", "modules\identity-client-management\src\Passingwind.Abp.IdentityClientManagement.MongoDB\Passingwind.Abp.IdentityClientManagement.MongoDB.csproj", "{8EF57CF3-9F37-44D9-A553-41912683664A}"
EndProject
Project("{9A19103F-16F7-4668-BE54-9A1E7A4F7556}") = "Passingwind.Abp.IdentityClientManagement.HttpApi", "modules\identity-client-management\src\Passingwind.Abp.IdentityClientManagement.HttpApi\Passingwind.Abp.IdentityClientManagement.HttpApi.csproj", "{B9BE0182-7CBC-4156-ABF0-60B0347D9276}"
EndProject
Project("{9A19103F-16F7-4668-BE54-9A1E7A4F7556}") = "Passingwind.Abp.IdentityClientManagement.HttpApi.Client", "modules\identity-client-management\src\Passingwind.Abp.IdentityClientManagement.HttpApi.Client\Passingwind.Abp.IdentityClientManagement.HttpApi.Client.csproj", "{AE1805E3-6186-44A2-835B-E6964C2BF94D}"
EndProject
Project("{9A19103F-16F7-4668-BE54-9A1E7A4F7556}") = "Passingwind.Abp.IdentityClientManagement.AspNetCore", "modules\identity-client-management\src\Passingwind.Abp.IdentityClientManagement.AspNetCore\Passingwind.Abp.IdentityClientManagement.AspNetCore.csproj", "{C344B1E9-F358-4D3A-9BC5-FB82FF2E63EB}"
EndProject
Project("{2150E333-8FDC-42A3-9474-1A3956D46DE8}") = "framework", "framework", "{AB54C52B-9250-4939-93E2-CCBBEC172AAA}"
EndProject
Project("{2150E333-8FDC-42A3-9474-1A3956D46DE8}") = "dictionary-management", "dictionary-management", "{A372DE5B-C4BB-4842-8A2C-28F0A37551B1}"
EndProject
Project("{2150E333-8FDC-42A3-9474-1A3956D46DE8}") = "src", "src", "{320EB9D6-2CBF-4FF9-ACE3-DB0E56CCB6CB}"
EndProject
Project("{9A19103F-16F7-4668-BE54-9A1E7A4F7556}") = "Passingwind.Abp.DictionaryManagement.Domain.Shared", "modules\dictionary-management\src\Passingwind.Abp.DictionaryManagement.Domain.Shared\Passingwind.Abp.DictionaryManagement.Domain.Shared.csproj", "{4B4AFFCD-70D4-40ED-8A91-6136C3C7A2AD}"
EndProject
Project("{9A19103F-16F7-4668-BE54-9A1E7A4F7556}") = "Passingwind.Abp.DictionaryManagement.Domain", "modules\dictionary-management\src\Passingwind.Abp.DictionaryManagement.Domain\Passingwind.Abp.DictionaryManagement.Domain.csproj", "{D1EF78F6-BC44-4447-BBC9-394ECD42F451}"
EndProject
Project("{9A19103F-16F7-4668-BE54-9A1E7A4F7556}") = "Passingwind.Abp.DictionaryManagement.Application.Contracts", "modules\dictionary-management\src\Passingwind.Abp.DictionaryManagement.Application.Contracts\Passingwind.Abp.DictionaryManagement.Application.Contracts.csproj", "{A132CBF8-8D34-4ACC-9E8E-E5A90405B504}"
EndProject
Project("{9A19103F-16F7-4668-BE54-9A1E7A4F7556}") = "Passingwind.Abp.DictionaryManagement.Application", "modules\dictionary-management\src\Passingwind.Abp.DictionaryManagement.Application\Passingwind.Abp.DictionaryManagement.Application.csproj", "{40A89641-6445-48B4-8325-068D15CF69B0}"
EndProject
Project("{9A19103F-16F7-4668-BE54-9A1E7A4F7556}") = "Passingwind.Abp.DictionaryManagement.HttpApi.Client", "modules\dictionary-management\src\Passingwind.Abp.DictionaryManagement.HttpApi.Client\Passingwind.Abp.DictionaryManagement.HttpApi.Client.csproj", "{DD5ACB86-0792-4B0B-A8BF-54CE12B77EE0}"
EndProject
Project("{9A19103F-16F7-4668-BE54-9A1E7A4F7556}") = "Passingwind.Abp.DictionaryManagement.HttpApi", "modules\dictionary-management\src\Passingwind.Abp.DictionaryManagement.HttpApi\Passingwind.Abp.DictionaryManagement.HttpApi.csproj", "{0EE79A7A-3314-40EC-B8D7-63CE4942FFC2}"
EndProject
Project("{9A19103F-16F7-4668-BE54-9A1E7A4F7556}") = "Passingwind.Abp.DictionaryManagement.MongoDB", "modules\dictionary-management\src\Passingwind.Abp.DictionaryManagement.MongoDB\Passingwind.Abp.DictionaryManagement.MongoDB.csproj", "{735608B4-2DEA-4486-9A2C-D4C107680025}"
EndProject
Project("{9A19103F-16F7-4668-BE54-9A1E7A4F7556}") = "Passingwind.Abp.DictionaryManagement.EntityFrameworkCore", "modules\dictionary-management\src\Passingwind.Abp.DictionaryManagement.EntityFrameworkCore\Passingwind.Abp.DictionaryManagement.EntityFrameworkCore.csproj", "{2DB157B1-1EF2-4548-A154-3F05263C338B}"
EndProject
Global
	GlobalSection(SolutionConfigurationPlatforms) = preSolution
		Debug|Any CPU = Debug|Any CPU
		Release|Any CPU = Release|Any CPU
	EndGlobalSection
	GlobalSection(ProjectConfigurationPlatforms) = postSolution
		{554AD327-6DBA-4F8F-96F8-81CE7A0C863F}.Debug|Any CPU.ActiveCfg = Debug|Any CPU
		{554AD327-6DBA-4F8F-96F8-81CE7A0C863F}.Debug|Any CPU.Build.0 = Debug|Any CPU
		{554AD327-6DBA-4F8F-96F8-81CE7A0C863F}.Release|Any CPU.ActiveCfg = Release|Any CPU
		{554AD327-6DBA-4F8F-96F8-81CE7A0C863F}.Release|Any CPU.Build.0 = Release|Any CPU
		{1A94A50E-06DC-43C1-80B5-B662820EC3EB}.Debug|Any CPU.ActiveCfg = Debug|Any CPU
		{1A94A50E-06DC-43C1-80B5-B662820EC3EB}.Debug|Any CPU.Build.0 = Debug|Any CPU
		{1A94A50E-06DC-43C1-80B5-B662820EC3EB}.Release|Any CPU.ActiveCfg = Release|Any CPU
		{1A94A50E-06DC-43C1-80B5-B662820EC3EB}.Release|Any CPU.Build.0 = Release|Any CPU
		{C956DD76-69C8-4A9C-83EA-D17DF83340FD}.Debug|Any CPU.ActiveCfg = Debug|Any CPU
		{C956DD76-69C8-4A9C-83EA-D17DF83340FD}.Debug|Any CPU.Build.0 = Debug|Any CPU
		{C956DD76-69C8-4A9C-83EA-D17DF83340FD}.Release|Any CPU.ActiveCfg = Release|Any CPU
		{C956DD76-69C8-4A9C-83EA-D17DF83340FD}.Release|Any CPU.Build.0 = Release|Any CPU
		{42F719ED-8413-4895-B5B4-5AB56079BC66}.Debug|Any CPU.ActiveCfg = Debug|Any CPU
		{42F719ED-8413-4895-B5B4-5AB56079BC66}.Debug|Any CPU.Build.0 = Debug|Any CPU
		{42F719ED-8413-4895-B5B4-5AB56079BC66}.Release|Any CPU.ActiveCfg = Release|Any CPU
		{42F719ED-8413-4895-B5B4-5AB56079BC66}.Release|Any CPU.Build.0 = Release|Any CPU
		{520659C8-C734-4298-A3DA-B539DB9DFC0B}.Debug|Any CPU.ActiveCfg = Debug|Any CPU
		{520659C8-C734-4298-A3DA-B539DB9DFC0B}.Debug|Any CPU.Build.0 = Debug|Any CPU
		{520659C8-C734-4298-A3DA-B539DB9DFC0B}.Release|Any CPU.ActiveCfg = Release|Any CPU
		{520659C8-C734-4298-A3DA-B539DB9DFC0B}.Release|Any CPU.Build.0 = Release|Any CPU
		{4164BDF7-F527-4E85-9CE6-E3C2D7426A27}.Debug|Any CPU.ActiveCfg = Debug|Any CPU
		{4164BDF7-F527-4E85-9CE6-E3C2D7426A27}.Debug|Any CPU.Build.0 = Debug|Any CPU
		{4164BDF7-F527-4E85-9CE6-E3C2D7426A27}.Release|Any CPU.ActiveCfg = Release|Any CPU
		{4164BDF7-F527-4E85-9CE6-E3C2D7426A27}.Release|Any CPU.Build.0 = Release|Any CPU
		{3B5A0094-670D-4BB1-BFDD-61B88A8773DC}.Debug|Any CPU.ActiveCfg = Debug|Any CPU
		{3B5A0094-670D-4BB1-BFDD-61B88A8773DC}.Debug|Any CPU.Build.0 = Debug|Any CPU
		{3B5A0094-670D-4BB1-BFDD-61B88A8773DC}.Release|Any CPU.ActiveCfg = Release|Any CPU
		{3B5A0094-670D-4BB1-BFDD-61B88A8773DC}.Release|Any CPU.Build.0 = Release|Any CPU
		{AA94D832-1CCC-4715-95A9-A483F23A1A5D}.Debug|Any CPU.ActiveCfg = Debug|Any CPU
		{AA94D832-1CCC-4715-95A9-A483F23A1A5D}.Debug|Any CPU.Build.0 = Debug|Any CPU
		{AA94D832-1CCC-4715-95A9-A483F23A1A5D}.Release|Any CPU.ActiveCfg = Release|Any CPU
		{AA94D832-1CCC-4715-95A9-A483F23A1A5D}.Release|Any CPU.Build.0 = Release|Any CPU
		{748584B1-BA69-4F6A-81AA-F4BDE6BCE29D}.Debug|Any CPU.ActiveCfg = Debug|Any CPU
		{748584B1-BA69-4F6A-81AA-F4BDE6BCE29D}.Debug|Any CPU.Build.0 = Debug|Any CPU
		{748584B1-BA69-4F6A-81AA-F4BDE6BCE29D}.Release|Any CPU.ActiveCfg = Release|Any CPU
		{748584B1-BA69-4F6A-81AA-F4BDE6BCE29D}.Release|Any CPU.Build.0 = Release|Any CPU
		{D64C1577-4929-4B60-939E-96DE1534891A}.Debug|Any CPU.ActiveCfg = Debug|Any CPU
		{D64C1577-4929-4B60-939E-96DE1534891A}.Debug|Any CPU.Build.0 = Debug|Any CPU
		{D64C1577-4929-4B60-939E-96DE1534891A}.Release|Any CPU.ActiveCfg = Release|Any CPU
		{D64C1577-4929-4B60-939E-96DE1534891A}.Release|Any CPU.Build.0 = Release|Any CPU
		{F2840BC7-0188-4606-9126-DADD0F5ABF7A}.Debug|Any CPU.ActiveCfg = Debug|Any CPU
		{F2840BC7-0188-4606-9126-DADD0F5ABF7A}.Debug|Any CPU.Build.0 = Debug|Any CPU
		{F2840BC7-0188-4606-9126-DADD0F5ABF7A}.Release|Any CPU.ActiveCfg = Release|Any CPU
		{F2840BC7-0188-4606-9126-DADD0F5ABF7A}.Release|Any CPU.Build.0 = Release|Any CPU
		{BD65D04F-08D5-40C1-8C24-77CA0BACB877}.Debug|Any CPU.ActiveCfg = Debug|Any CPU
		{BD65D04F-08D5-40C1-8C24-77CA0BACB877}.Debug|Any CPU.Build.0 = Debug|Any CPU
		{BD65D04F-08D5-40C1-8C24-77CA0BACB877}.Release|Any CPU.ActiveCfg = Release|Any CPU
		{BD65D04F-08D5-40C1-8C24-77CA0BACB877}.Release|Any CPU.Build.0 = Release|Any CPU
		{78040F9E-3501-4A40-82DF-00A597710F35}.Debug|Any CPU.ActiveCfg = Debug|Any CPU
		{78040F9E-3501-4A40-82DF-00A597710F35}.Debug|Any CPU.Build.0 = Debug|Any CPU
		{78040F9E-3501-4A40-82DF-00A597710F35}.Release|Any CPU.ActiveCfg = Release|Any CPU
		{78040F9E-3501-4A40-82DF-00A597710F35}.Release|Any CPU.Build.0 = Release|Any CPU
		{0CE86223-D31D-4315-A1F5-87BA3EE1B844}.Debug|Any CPU.ActiveCfg = Debug|Any CPU
		{0CE86223-D31D-4315-A1F5-87BA3EE1B844}.Debug|Any CPU.Build.0 = Debug|Any CPU
		{0CE86223-D31D-4315-A1F5-87BA3EE1B844}.Release|Any CPU.ActiveCfg = Release|Any CPU
		{0CE86223-D31D-4315-A1F5-87BA3EE1B844}.Release|Any CPU.Build.0 = Release|Any CPU
		{F1C58097-4C08-4D88-8976-6B3389391481}.Debug|Any CPU.ActiveCfg = Debug|Any CPU
		{F1C58097-4C08-4D88-8976-6B3389391481}.Debug|Any CPU.Build.0 = Debug|Any CPU
		{F1C58097-4C08-4D88-8976-6B3389391481}.Release|Any CPU.ActiveCfg = Release|Any CPU
		{F1C58097-4C08-4D88-8976-6B3389391481}.Release|Any CPU.Build.0 = Release|Any CPU
		{077AA5F8-8B61-420C-A6B5-0150A66FDB34}.Debug|Any CPU.ActiveCfg = Debug|Any CPU
		{077AA5F8-8B61-420C-A6B5-0150A66FDB34}.Debug|Any CPU.Build.0 = Debug|Any CPU
		{077AA5F8-8B61-420C-A6B5-0150A66FDB34}.Release|Any CPU.ActiveCfg = Release|Any CPU
		{077AA5F8-8B61-420C-A6B5-0150A66FDB34}.Release|Any CPU.Build.0 = Release|Any CPU
		{36E2735F-CEAB-44C8-A6D1-2CDAFF399751}.Debug|Any CPU.ActiveCfg = Debug|Any CPU
		{36E2735F-CEAB-44C8-A6D1-2CDAFF399751}.Debug|Any CPU.Build.0 = Debug|Any CPU
		{36E2735F-CEAB-44C8-A6D1-2CDAFF399751}.Release|Any CPU.ActiveCfg = Release|Any CPU
		{36E2735F-CEAB-44C8-A6D1-2CDAFF399751}.Release|Any CPU.Build.0 = Release|Any CPU
		{8919D6B3-78B8-4B38-90DB-10135553B922}.Debug|Any CPU.ActiveCfg = Debug|Any CPU
		{8919D6B3-78B8-4B38-90DB-10135553B922}.Debug|Any CPU.Build.0 = Debug|Any CPU
		{8919D6B3-78B8-4B38-90DB-10135553B922}.Release|Any CPU.ActiveCfg = Release|Any CPU
		{8919D6B3-78B8-4B38-90DB-10135553B922}.Release|Any CPU.Build.0 = Release|Any CPU
		{392E4532-AF3E-4953-A5AF-08EBA458D0F1}.Debug|Any CPU.ActiveCfg = Debug|Any CPU
		{392E4532-AF3E-4953-A5AF-08EBA458D0F1}.Debug|Any CPU.Build.0 = Debug|Any CPU
		{392E4532-AF3E-4953-A5AF-08EBA458D0F1}.Release|Any CPU.ActiveCfg = Release|Any CPU
		{392E4532-AF3E-4953-A5AF-08EBA458D0F1}.Release|Any CPU.Build.0 = Release|Any CPU
		{02B8C6E2-B432-486A-803C-DD6B21176F0C}.Debug|Any CPU.ActiveCfg = Debug|Any CPU
		{02B8C6E2-B432-486A-803C-DD6B21176F0C}.Debug|Any CPU.Build.0 = Debug|Any CPU
		{02B8C6E2-B432-486A-803C-DD6B21176F0C}.Release|Any CPU.ActiveCfg = Release|Any CPU
		{02B8C6E2-B432-486A-803C-DD6B21176F0C}.Release|Any CPU.Build.0 = Release|Any CPU
		{CC15B37E-8E72-431B-A18A-F0CA0073FF75}.Debug|Any CPU.ActiveCfg = Debug|Any CPU
		{CC15B37E-8E72-431B-A18A-F0CA0073FF75}.Debug|Any CPU.Build.0 = Debug|Any CPU
		{CC15B37E-8E72-431B-A18A-F0CA0073FF75}.Release|Any CPU.ActiveCfg = Release|Any CPU
		{CC15B37E-8E72-431B-A18A-F0CA0073FF75}.Release|Any CPU.Build.0 = Release|Any CPU
		{32DDB643-8D82-4BC8-A0D4-E4215C84853E}.Debug|Any CPU.ActiveCfg = Debug|Any CPU
		{32DDB643-8D82-4BC8-A0D4-E4215C84853E}.Debug|Any CPU.Build.0 = Debug|Any CPU
		{32DDB643-8D82-4BC8-A0D4-E4215C84853E}.Release|Any CPU.ActiveCfg = Release|Any CPU
		{32DDB643-8D82-4BC8-A0D4-E4215C84853E}.Release|Any CPU.Build.0 = Release|Any CPU
		{8EF57CF3-9F37-44D9-A553-41912683664A}.Debug|Any CPU.ActiveCfg = Debug|Any CPU
		{8EF57CF3-9F37-44D9-A553-41912683664A}.Debug|Any CPU.Build.0 = Debug|Any CPU
		{8EF57CF3-9F37-44D9-A553-41912683664A}.Release|Any CPU.ActiveCfg = Release|Any CPU
		{8EF57CF3-9F37-44D9-A553-41912683664A}.Release|Any CPU.Build.0 = Release|Any CPU
		{B9BE0182-7CBC-4156-ABF0-60B0347D9276}.Debug|Any CPU.ActiveCfg = Debug|Any CPU
		{B9BE0182-7CBC-4156-ABF0-60B0347D9276}.Debug|Any CPU.Build.0 = Debug|Any CPU
		{B9BE0182-7CBC-4156-ABF0-60B0347D9276}.Release|Any CPU.ActiveCfg = Release|Any CPU
		{B9BE0182-7CBC-4156-ABF0-60B0347D9276}.Release|Any CPU.Build.0 = Release|Any CPU
		{AE1805E3-6186-44A2-835B-E6964C2BF94D}.Debug|Any CPU.ActiveCfg = Debug|Any CPU
		{AE1805E3-6186-44A2-835B-E6964C2BF94D}.Debug|Any CPU.Build.0 = Debug|Any CPU
		{AE1805E3-6186-44A2-835B-E6964C2BF94D}.Release|Any CPU.ActiveCfg = Release|Any CPU
		{AE1805E3-6186-44A2-835B-E6964C2BF94D}.Release|Any CPU.Build.0 = Release|Any CPU
		{C344B1E9-F358-4D3A-9BC5-FB82FF2E63EB}.Debug|Any CPU.ActiveCfg = Debug|Any CPU
		{C344B1E9-F358-4D3A-9BC5-FB82FF2E63EB}.Debug|Any CPU.Build.0 = Debug|Any CPU
		{C344B1E9-F358-4D3A-9BC5-FB82FF2E63EB}.Release|Any CPU.ActiveCfg = Release|Any CPU
		{C344B1E9-F358-4D3A-9BC5-FB82FF2E63EB}.Release|Any CPU.Build.0 = Release|Any CPU
		{4B4AFFCD-70D4-40ED-8A91-6136C3C7A2AD}.Debug|Any CPU.ActiveCfg = Debug|Any CPU
		{4B4AFFCD-70D4-40ED-8A91-6136C3C7A2AD}.Debug|Any CPU.Build.0 = Debug|Any CPU
		{4B4AFFCD-70D4-40ED-8A91-6136C3C7A2AD}.Release|Any CPU.ActiveCfg = Release|Any CPU
		{4B4AFFCD-70D4-40ED-8A91-6136C3C7A2AD}.Release|Any CPU.Build.0 = Release|Any CPU
		{D1EF78F6-BC44-4447-BBC9-394ECD42F451}.Debug|Any CPU.ActiveCfg = Debug|Any CPU
		{D1EF78F6-BC44-4447-BBC9-394ECD42F451}.Debug|Any CPU.Build.0 = Debug|Any CPU
		{D1EF78F6-BC44-4447-BBC9-394ECD42F451}.Release|Any CPU.ActiveCfg = Release|Any CPU
		{D1EF78F6-BC44-4447-BBC9-394ECD42F451}.Release|Any CPU.Build.0 = Release|Any CPU
		{A132CBF8-8D34-4ACC-9E8E-E5A90405B504}.Debug|Any CPU.ActiveCfg = Debug|Any CPU
		{A132CBF8-8D34-4ACC-9E8E-E5A90405B504}.Debug|Any CPU.Build.0 = Debug|Any CPU
		{A132CBF8-8D34-4ACC-9E8E-E5A90405B504}.Release|Any CPU.ActiveCfg = Release|Any CPU
		{A132CBF8-8D34-4ACC-9E8E-E5A90405B504}.Release|Any CPU.Build.0 = Release|Any CPU
		{40A89641-6445-48B4-8325-068D15CF69B0}.Debug|Any CPU.ActiveCfg = Debug|Any CPU
		{40A89641-6445-48B4-8325-068D15CF69B0}.Debug|Any CPU.Build.0 = Debug|Any CPU
		{40A89641-6445-48B4-8325-068D15CF69B0}.Release|Any CPU.ActiveCfg = Release|Any CPU
		{40A89641-6445-48B4-8325-068D15CF69B0}.Release|Any CPU.Build.0 = Release|Any CPU
		{DD5ACB86-0792-4B0B-A8BF-54CE12B77EE0}.Debug|Any CPU.ActiveCfg = Debug|Any CPU
		{DD5ACB86-0792-4B0B-A8BF-54CE12B77EE0}.Debug|Any CPU.Build.0 = Debug|Any CPU
		{DD5ACB86-0792-4B0B-A8BF-54CE12B77EE0}.Release|Any CPU.ActiveCfg = Release|Any CPU
		{DD5ACB86-0792-4B0B-A8BF-54CE12B77EE0}.Release|Any CPU.Build.0 = Release|Any CPU
		{0EE79A7A-3314-40EC-B8D7-63CE4942FFC2}.Debug|Any CPU.ActiveCfg = Debug|Any CPU
		{0EE79A7A-3314-40EC-B8D7-63CE4942FFC2}.Debug|Any CPU.Build.0 = Debug|Any CPU
		{0EE79A7A-3314-40EC-B8D7-63CE4942FFC2}.Release|Any CPU.ActiveCfg = Release|Any CPU
		{0EE79A7A-3314-40EC-B8D7-63CE4942FFC2}.Release|Any CPU.Build.0 = Release|Any CPU
		{735608B4-2DEA-4486-9A2C-D4C107680025}.Debug|Any CPU.ActiveCfg = Debug|Any CPU
		{735608B4-2DEA-4486-9A2C-D4C107680025}.Debug|Any CPU.Build.0 = Debug|Any CPU
		{735608B4-2DEA-4486-9A2C-D4C107680025}.Release|Any CPU.ActiveCfg = Release|Any CPU
		{735608B4-2DEA-4486-9A2C-D4C107680025}.Release|Any CPU.Build.0 = Release|Any CPU
		{2DB157B1-1EF2-4548-A154-3F05263C338B}.Debug|Any CPU.ActiveCfg = Debug|Any CPU
		{2DB157B1-1EF2-4548-A154-3F05263C338B}.Debug|Any CPU.Build.0 = Debug|Any CPU
		{2DB157B1-1EF2-4548-A154-3F05263C338B}.Release|Any CPU.ActiveCfg = Release|Any CPU
		{2DB157B1-1EF2-4548-A154-3F05263C338B}.Release|Any CPU.Build.0 = Release|Any CPU
	EndGlobalSection
	GlobalSection(SolutionProperties) = preSolution
		HideSolutionNode = FALSE
	EndGlobalSection
	GlobalSection(NestedProjects) = preSolution
		{554AD327-6DBA-4F8F-96F8-81CE7A0C863F} = {CA9AC87F-097E-4F15-8393-4BC07735A5B0}
		{1A94A50E-06DC-43C1-80B5-B662820EC3EB} = {CA9AC87F-097E-4F15-8393-4BC07735A5B0}
		{C956DD76-69C8-4A9C-83EA-D17DF83340FD} = {CA9AC87F-097E-4F15-8393-4BC07735A5B0}
		{42F719ED-8413-4895-B5B4-5AB56079BC66} = {CA9AC87F-097E-4F15-8393-4BC07735A5B0}
		{520659C8-C734-4298-A3DA-B539DB9DFC0B} = {CA9AC87F-097E-4F15-8393-4BC07735A5B0}
		{4164BDF7-F527-4E85-9CE6-E3C2D7426A27} = {CA9AC87F-097E-4F15-8393-4BC07735A5B0}
		{3B5A0094-670D-4BB1-BFDD-61B88A8773DC} = {CA9AC87F-097E-4F15-8393-4BC07735A5B0}
		{AA94D832-1CCC-4715-95A9-A483F23A1A5D} = {CA9AC87F-097E-4F15-8393-4BC07735A5B0}
		{748584B1-BA69-4F6A-81AA-F4BDE6BCE29D} = {CA9AC87F-097E-4F15-8393-4BC07735A5B0}
		{DB8C2DD9-8574-494D-9C22-28043410E149} = {9EAC2FB6-A28A-4851-B809-BF8216AAAFE0}
		{D64C1577-4929-4B60-939E-96DE1534891A} = {099118E5-14DC-42A3-AC87-AECAFE06A1A9}
		{F2840BC7-0188-4606-9126-DADD0F5ABF7A} = {099118E5-14DC-42A3-AC87-AECAFE06A1A9}
		{BD65D04F-08D5-40C1-8C24-77CA0BACB877} = {099118E5-14DC-42A3-AC87-AECAFE06A1A9}
		{78040F9E-3501-4A40-82DF-00A597710F35} = {099118E5-14DC-42A3-AC87-AECAFE06A1A9}
		{0CE86223-D31D-4315-A1F5-87BA3EE1B844} = {099118E5-14DC-42A3-AC87-AECAFE06A1A9}
		{F1C58097-4C08-4D88-8976-6B3389391481} = {099118E5-14DC-42A3-AC87-AECAFE06A1A9}
		{077AA5F8-8B61-420C-A6B5-0150A66FDB34} = {099118E5-14DC-42A3-AC87-AECAFE06A1A9}
		{36E2735F-CEAB-44C8-A6D1-2CDAFF399751} = {099118E5-14DC-42A3-AC87-AECAFE06A1A9}
		{099118E5-14DC-42A3-AC87-AECAFE06A1A9} = {DB8C2DD9-8574-494D-9C22-28043410E149}
		{D3C0E9F4-1A62-44DC-9D67-52F5A1ABB9EC} = {9EAC2FB6-A28A-4851-B809-BF8216AAAFE0}
		{112F3706-27EE-420A-A092-8C5AC2D922D0} = {D3C0E9F4-1A62-44DC-9D67-52F5A1ABB9EC}
		{8919D6B3-78B8-4B38-90DB-10135553B922} = {112F3706-27EE-420A-A092-8C5AC2D922D0}
		{392E4532-AF3E-4953-A5AF-08EBA458D0F1} = {112F3706-27EE-420A-A092-8C5AC2D922D0}
		{02B8C6E2-B432-486A-803C-DD6B21176F0C} = {112F3706-27EE-420A-A092-8C5AC2D922D0}
		{CC15B37E-8E72-431B-A18A-F0CA0073FF75} = {112F3706-27EE-420A-A092-8C5AC2D922D0}
		{32DDB643-8D82-4BC8-A0D4-E4215C84853E} = {112F3706-27EE-420A-A092-8C5AC2D922D0}
		{8EF57CF3-9F37-44D9-A553-41912683664A} = {112F3706-27EE-420A-A092-8C5AC2D922D0}
		{B9BE0182-7CBC-4156-ABF0-60B0347D9276} = {112F3706-27EE-420A-A092-8C5AC2D922D0}
		{AE1805E3-6186-44A2-835B-E6964C2BF94D} = {112F3706-27EE-420A-A092-8C5AC2D922D0}
		{C344B1E9-F358-4D3A-9BC5-FB82FF2E63EB} = {112F3706-27EE-420A-A092-8C5AC2D922D0}
		{A372DE5B-C4BB-4842-8A2C-28F0A37551B1} = {9EAC2FB6-A28A-4851-B809-BF8216AAAFE0}
		{320EB9D6-2CBF-4FF9-ACE3-DB0E56CCB6CB} = {A372DE5B-C4BB-4842-8A2C-28F0A37551B1}
		{4B4AFFCD-70D4-40ED-8A91-6136C3C7A2AD} = {320EB9D6-2CBF-4FF9-ACE3-DB0E56CCB6CB}
		{D1EF78F6-BC44-4447-BBC9-394ECD42F451} = {320EB9D6-2CBF-4FF9-ACE3-DB0E56CCB6CB}
		{A132CBF8-8D34-4ACC-9E8E-E5A90405B504} = {320EB9D6-2CBF-4FF9-ACE3-DB0E56CCB6CB}
		{40A89641-6445-48B4-8325-068D15CF69B0} = {320EB9D6-2CBF-4FF9-ACE3-DB0E56CCB6CB}
		{DD5ACB86-0792-4B0B-A8BF-54CE12B77EE0} = {320EB9D6-2CBF-4FF9-ACE3-DB0E56CCB6CB}
		{0EE79A7A-3314-40EC-B8D7-63CE4942FFC2} = {320EB9D6-2CBF-4FF9-ACE3-DB0E56CCB6CB}
		{735608B4-2DEA-4486-9A2C-D4C107680025} = {320EB9D6-2CBF-4FF9-ACE3-DB0E56CCB6CB}
		{2DB157B1-1EF2-4548-A154-3F05263C338B} = {320EB9D6-2CBF-4FF9-ACE3-DB0E56CCB6CB}
	EndGlobalSection
	GlobalSection(ExtensibilityGlobals) = postSolution
		SolutionGuid = {28315BFD-90E7-4E14-A2EA-F3D23AF4126F}
	EndGlobalSection
EndGlobal
