
Microsoft Visual Studio Solution File, Format Version 12.00
# Visual Studio Version 17
VisualStudioVersion = 17.6.33723.286
MinimumVisualStudioVersion = 10.0.40219.1
Project("{9A19103F-16F7-4668-BE54-9A1E7A4F7556}") = "Sample.Domain", "host\src\Sample.Domain\Sample.Domain.csproj", "{554AD327-6DBA-4F8F-96F8-81CE7A0C863F}"
EndProject
Project("{9A19103F-16F7-4668-BE54-9A1E7A4F7556}") = "Sample.Application", "host\src\Sample.Application\Sample.Application.csproj", "{1A94A50E-06DC-43C1-80B5-B662820EC3EB}"
EndProject
Project("{9A19103F-16F7-4668-BE54-9A1E7A4F7556}") = "Sample.EntityFrameworkCore", "host\src\Sample.EntityFrameworkCore\Sample.EntityFrameworkCore.csproj", "{C956DD76-69C8-4A9C-83EA-D17DF83340FD}"
EndProject
Project("{2150E333-8FDC-42A3-9474-1A3956D46DE8}") = "host", "host", "{CA9AC87F-097E-4F15-8393-4BC07735A5B0}"
EndProject
Project("{9A19103F-16F7-4668-BE54-9A1E7A4F7556}") = "Sample.Domain.Shared", "host\src\Sample.Domain.Shared\Sample.Domain.Shared.csproj", "{42F719ED-8413-4895-B5B4-5AB56079BC66}"
EndProject
Project("{9A19103F-16F7-4668-BE54-9A1E7A4F7556}") = "Sample.Application.Contracts", "host\src\Sample.Application.Contracts\Sample.Application.Contracts.csproj", "{520659C8-C734-4298-A3DA-B539DB9DFC0B}"
EndProject
Project("{9A19103F-16F7-4668-BE54-9A1E7A4F7556}") = "Sample.HttpApi", "host\src\Sample.HttpApi\Sample.HttpApi.csproj", "{4164BDF7-F527-4E85-9CE6-E3C2D7426A27}"
EndProject
Project("{9A19103F-16F7-4668-BE54-9A1E7A4F7556}") = "Sample.HttpApi.Client", "host\src\Sample.HttpApi.Client\Sample.HttpApi.Client.csproj", "{3B5A0094-670D-4BB1-BFDD-61B88A8773DC}"
EndProject
Project("{9A19103F-16F7-4668-BE54-9A1E7A4F7556}") = "Sample.DbMigrator", "host\src\Sample.DbMigrator\Sample.DbMigrator.csproj", "{AA94D832-1CCC-4715-95A9-A483F23A1A5D}"
EndProject
Project("{9A19103F-16F7-4668-BE54-9A1E7A4F7556}") = "Sample.HttpApi.Host", "host\src\Sample.HttpApi.Host\Sample.HttpApi.Host.csproj", "{748584B1-BA69-4F6A-81AA-F4BDE6BCE29D}"
EndProject
Project("{2150E333-8FDC-42A3-9474-1A3956D46DE8}") = "modules", "modules", "{9EAC2FB6-A28A-4851-B809-BF8216AAAFE0}"
EndProject
Project("{2150E333-8FDC-42A3-9474-1A3956D46DE8}") = "file-management", "file-management", "{DB8C2DD9-8574-494D-9C22-28043410E149}"
EndProject
Project("{9A19103F-16F7-4668-BE54-9A1E7A4F7556}") = "Passingwind.Abp.FileManagement.Domain.Shared", "modules\file-management\src\Passingwind.Abp.FileManagement.Domain.Shared\Passingwind.Abp.FileManagement.Domain.Shared.csproj", "{D64C1577-4929-4B60-939E-96DE1534891A}"
EndProject
Project("{9A19103F-16F7-4668-BE54-9A1E7A4F7556}") = "Passingwind.Abp.FileManagement.Domain", "modules\file-management\src\Passingwind.Abp.FileManagement.Domain\Passingwind.Abp.FileManagement.Domain.csproj", "{F2840BC7-0188-4606-9126-DADD0F5ABF7A}"
EndProject
Project("{9A19103F-16F7-4668-BE54-9A1E7A4F7556}") = "Passingwind.Abp.FileManagement.Application.Contracts", "modules\file-management\src\Passingwind.Abp.FileManagement.Application.Contracts\Passingwind.Abp.FileManagement.Application.Contracts.csproj", "{BD65D04F-08D5-40C1-8C24-77CA0BACB877}"
EndProject
Project("{9A19103F-16F7-4668-BE54-9A1E7A4F7556}") = "Passingwind.Abp.FileManagement.Application", "modules\file-management\src\Passingwind.Abp.FileManagement.Application\Passingwind.Abp.FileManagement.Application.csproj", "{78040F9E-3501-4A40-82DF-00A597710F35}"
EndProject
Project("{9A19103F-16F7-4668-BE54-9A1E7A4F7556}") = "Passingwind.Abp.FileManagement.EntityFrameworkCore", "modules\file-management\src\Passingwind.Abp.FileManagement.EntityFrameworkCore\Passingwind.Abp.FileManagement.EntityFrameworkCore.csproj", "{0CE86223-D31D-4315-A1F5-87BA3EE1B844}"
EndProject
Project("{9A19103F-16F7-4668-BE54-9A1E7A4F7556}") = "Passingwind.Abp.FileManagement.MongoDB", "modules\file-management\src\Passingwind.Abp.FileManagement.MongoDB\Passingwind.Abp.FileManagement.MongoDB.csproj", "{F1C58097-4C08-4D88-8976-6B3389391481}"
EndProject
Project("{9A19103F-16F7-4668-BE54-9A1E7A4F7556}") = "Passingwind.Abp.FileManagement.HttpApi", "modules\file-management\src\Passingwind.Abp.FileManagement.HttpApi\Passingwind.Abp.FileManagement.HttpApi.csproj", "{077AA5F8-8B61-420C-A6B5-0150A66FDB34}"
EndProject
Project("{9A19103F-16F7-4668-BE54-9A1E7A4F7556}") = "Passingwind.Abp.FileManagement.HttpApi.Client", "modules\file-management\src\Passingwind.Abp.FileManagement.HttpApi.Client\Passingwind.Abp.FileManagement.HttpApi.Client.csproj", "{36E2735F-CEAB-44C8-A6D1-2CDAFF399751}"
EndProject
Project("{2150E333-8FDC-42A3-9474-1A3956D46DE8}") = "src", "src", "{099118E5-14DC-42A3-AC87-AECAFE06A1A9}"
EndProject
Project("{2150E333-8FDC-42A3-9474-1A3956D46DE8}") = "framework", "framework", "{AB54C52B-9250-4939-93E2-CCBBEC172AAA}"
EndProject
Project("{2150E333-8FDC-42A3-9474-1A3956D46DE8}") = "dictionary-management", "dictionary-management", "{A372DE5B-C4BB-4842-8A2C-28F0A37551B1}"
EndProject
Project("{2150E333-8FDC-42A3-9474-1A3956D46DE8}") = "src", "src", "{320EB9D6-2CBF-4FF9-ACE3-DB0E56CCB6CB}"
EndProject
Project("{9A19103F-16F7-4668-BE54-9A1E7A4F7556}") = "Passingwind.Abp.DictionaryManagement.Domain.Shared", "modules\dictionary-management\src\Passingwind.Abp.DictionaryManagement.Domain.Shared\Passingwind.Abp.DictionaryManagement.Domain.Shared.csproj", "{4B4AFFCD-70D4-40ED-8A91-6136C3C7A2AD}"
EndProject
Project("{9A19103F-16F7-4668-BE54-9A1E7A4F7556}") = "Passingwind.Abp.DictionaryManagement.Domain", "modules\dictionary-management\src\Passingwind.Abp.DictionaryManagement.Domain\Passingwind.Abp.DictionaryManagement.Domain.csproj", "{D1EF78F6-BC44-4447-BBC9-394ECD42F451}"
EndProject
Project("{9A19103F-16F7-4668-BE54-9A1E7A4F7556}") = "Passingwind.Abp.DictionaryManagement.Application.Contracts", "modules\dictionary-management\src\Passingwind.Abp.DictionaryManagement.Application.Contracts\Passingwind.Abp.DictionaryManagement.Application.Contracts.csproj", "{A132CBF8-8D34-4ACC-9E8E-E5A90405B504}"
EndProject
Project("{9A19103F-16F7-4668-BE54-9A1E7A4F7556}") = "Passingwind.Abp.DictionaryManagement.Application", "modules\dictionary-management\src\Passingwind.Abp.DictionaryManagement.Application\Passingwind.Abp.DictionaryManagement.Application.csproj", "{40A89641-6445-48B4-8325-068D15CF69B0}"
EndProject
Project("{9A19103F-16F7-4668-BE54-9A1E7A4F7556}") = "Passingwind.Abp.DictionaryManagement.HttpApi.Client", "modules\dictionary-management\src\Passingwind.Abp.DictionaryManagement.HttpApi.Client\Passingwind.Abp.DictionaryManagement.HttpApi.Client.csproj", "{DD5ACB86-0792-4B0B-A8BF-54CE12B77EE0}"
EndProject
Project("{9A19103F-16F7-4668-BE54-9A1E7A4F7556}") = "Passingwind.Abp.DictionaryManagement.HttpApi", "modules\dictionary-management\src\Passingwind.Abp.DictionaryManagement.HttpApi\Passingwind.Abp.DictionaryManagement.HttpApi.csproj", "{0EE79A7A-3314-40EC-B8D7-63CE4942FFC2}"
EndProject
Project("{9A19103F-16F7-4668-BE54-9A1E7A4F7556}") = "Passingwind.Abp.DictionaryManagement.MongoDB", "modules\dictionary-management\src\Passingwind.Abp.DictionaryManagement.MongoDB\Passingwind.Abp.DictionaryManagement.MongoDB.csproj", "{735608B4-2DEA-4486-9A2C-D4C107680025}"
EndProject
Project("{9A19103F-16F7-4668-BE54-9A1E7A4F7556}") = "Passingwind.Abp.DictionaryManagement.EntityFrameworkCore", "modules\dictionary-management\src\Passingwind.Abp.DictionaryManagement.EntityFrameworkCore\Passingwind.Abp.DictionaryManagement.EntityFrameworkCore.csproj", "{2DB157B1-1EF2-4548-A154-3F05263C338B}"
EndProject
Project("{2150E333-8FDC-42A3-9474-1A3956D46DE8}") = "dynamic-permission-management", "dynamic-permission-management", "{0262B53C-3807-4ACC-B1E6-FCC0817B6971}"
EndProject
Project("{2150E333-8FDC-42A3-9474-1A3956D46DE8}") = "src", "src", "{E4E4978C-8541-4C36-B258-800A8B177769}"
EndProject
Project("{9A19103F-16F7-4668-BE54-9A1E7A4F7556}") = "Passingwind.Abp.DynamicPermissionManagement.Domain.Shared", "modules\dynamic-permission-management\src\Passingwind.Abp.DynamicPermissionManagement.Domain.Shared\Passingwind.Abp.DynamicPermissionManagement.Domain.Shared.csproj", "{41ED28CA-CB9A-446C-A63D-92D932195DD8}"
EndProject
Project("{9A19103F-16F7-4668-BE54-9A1E7A4F7556}") = "Passingwind.Abp.DynamicPermissionManagement.Domain", "modules\dynamic-permission-management\src\Passingwind.Abp.DynamicPermissionManagement.Domain\Passingwind.Abp.DynamicPermissionManagement.Domain.csproj", "{4C42EC8C-0DDE-48EB-A1A9-6B093A9E9666}"
EndProject
Project("{9A19103F-16F7-4668-BE54-9A1E7A4F7556}") = "Passingwind.Abp.DynamicPermissionManagement.Application.Contracts", "modules\dynamic-permission-management\src\Passingwind.Abp.DynamicPermissionManagement.Application.Contracts\Passingwind.Abp.DynamicPermissionManagement.Application.Contracts.csproj", "{12F3145F-76B7-46AF-B168-2F9265997F0A}"
EndProject
Project("{9A19103F-16F7-4668-BE54-9A1E7A4F7556}") = "Passingwind.Abp.DynamicPermissionManagement.Application", "modules\dynamic-permission-management\src\Passingwind.Abp.DynamicPermissionManagement.Application\Passingwind.Abp.DynamicPermissionManagement.Application.csproj", "{50FBAE74-1A47-4F83-B3DC-CAADDF8BE11E}"
EndProject
Project("{9A19103F-16F7-4668-BE54-9A1E7A4F7556}") = "Passingwind.Abp.DynamicPermissionManagement.EntityFrameworkCore", "modules\dynamic-permission-management\src\Passingwind.Abp.DynamicPermissionManagement.EntityFrameworkCore\Passingwind.Abp.DynamicPermissionManagement.EntityFrameworkCore.csproj", "{C96263B9-0FA9-4710-92D0-CDDD7400BD9B}"
EndProject
Project("{9A19103F-16F7-4668-BE54-9A1E7A4F7556}") = "Passingwind.Abp.DynamicPermissionManagement.MongoDB", "modules\dynamic-permission-management\src\Passingwind.Abp.DynamicPermissionManagement.MongoDB\Passingwind.Abp.DynamicPermissionManagement.MongoDB.csproj", "{A4BE1B4C-D3FF-45BA-8CCD-807BAAE3A441}"
EndProject
Project("{9A19103F-16F7-4668-BE54-9A1E7A4F7556}") = "Passingwind.Abp.DynamicPermissionManagement.HttpApi", "modules\dynamic-permission-management\src\Passingwind.Abp.DynamicPermissionManagement.HttpApi\Passingwind.Abp.DynamicPermissionManagement.HttpApi.csproj", "{18F8D5E8-54B4-4399-BC77-32A70DD286FC}"
EndProject
Project("{9A19103F-16F7-4668-BE54-9A1E7A4F7556}") = "Passingwind.Abp.DynamicPermissionManagement.HttpApi.Client", "modules\dynamic-permission-management\src\Passingwind.Abp.DynamicPermissionManagement.HttpApi.Client\Passingwind.Abp.DynamicPermissionManagement.HttpApi.Client.csproj", "{863B1141-4CAA-4AA1-8B5F-CD923AF67CD4}"
EndProject
Project("{2150E333-8FDC-42A3-9474-1A3956D46DE8}") = "identity", "identity", "{4A4FBA8F-3B0A-4709-81EA-0238F219BA9F}"
EndProject
Project("{2150E333-8FDC-42A3-9474-1A3956D46DE8}") = "src", "src", "{1D9AB036-09A0-4645-B692-4CFC6B63A5C9}"
EndProject
Project("{9A19103F-16F7-4668-BE54-9A1E7A4F7556}") = "Passingwind.Abp.Identity.Domain.Shared", "modules\identity\src\Passingwind.Abp.Identity.Domain.Shared\Passingwind.Abp.Identity.Domain.Shared.csproj", "{BB297BBA-CC25-461B-828B-AC3A1ABFDD21}"
EndProject
Project("{9A19103F-16F7-4668-BE54-9A1E7A4F7556}") = "Passingwind.Abp.Identity.Domain", "modules\identity\src\Passingwind.Abp.Identity.Domain\Passingwind.Abp.Identity.Domain.csproj", "{3477EB83-3898-4C99-BFC6-4E255C8A18A9}"
EndProject
Project("{9A19103F-16F7-4668-BE54-9A1E7A4F7556}") = "Passingwind.Abp.Identity.Application.Contracts", "modules\identity\src\Passingwind.Abp.Identity.Application.Contracts\Passingwind.Abp.Identity.Application.Contracts.csproj", "{E07FB17F-212F-452B-A444-C066A4D331A0}"
EndProject
Project("{9A19103F-16F7-4668-BE54-9A1E7A4F7556}") = "Passingwind.Abp.Identity.Application", "modules\identity\src\Passingwind.Abp.Identity.Application\Passingwind.Abp.Identity.Application.csproj", "{FF3573BF-09E3-4A50-AFCB-FCDF84CF3899}"
EndProject
Project("{9A19103F-16F7-4668-BE54-9A1E7A4F7556}") = "Passingwind.Abp.Identity.HttpApi", "modules\identity\src\Passingwind.Abp.Identity.HttpApi\Passingwind.Abp.Identity.HttpApi.csproj", "{BC99424F-4DDE-4339-A951-5B1F96E72CA9}"
EndProject
Project("{2150E333-8FDC-42A3-9474-1A3956D46DE8}") = "account", "account", "{B0BAB02C-B713-4DA6-B59C-982361457489}"
EndProject
Project("{2150E333-8FDC-42A3-9474-1A3956D46DE8}") = "src", "src", "{0FBA4154-8477-4C8E-BFF0-D5D9017F1064}"
EndProject
Project("{9A19103F-16F7-4668-BE54-9A1E7A4F7556}") = "Passingwind.Abp.Account.Domain", "modules\account\src\Passingwind.Abp.Account.Domain\Passingwind.Abp.Account.Domain.csproj", "{C2382D3D-FEA5-4FD6-9856-16617438B9FE}"
EndProject
Project("{9A19103F-16F7-4668-BE54-9A1E7A4F7556}") = "Passingwind.Abp.Account.Domain.Shared", "modules\account\src\Passingwind.Abp.Account.Domain.Shared\Passingwind.Abp.Account.Domain.Shared.csproj", "{36B6E819-E3CC-4536-8555-93A0EDE555D5}"
EndProject
Project("{9A19103F-16F7-4668-BE54-9A1E7A4F7556}") = "Passingwind.Abp.Account.Application.Contracts", "modules\account\src\Passingwind.Abp.Account.Application.Contracts\Passingwind.Abp.Account.Application.Contracts.csproj", "{C027A7B1-5E62-4C61-AC28-B316DBE9CDA4}"
EndProject
Project("{9A19103F-16F7-4668-BE54-9A1E7A4F7556}") = "Passingwind.Abp.Account.Application", "modules\account\src\Passingwind.Abp.Account.Application\Passingwind.Abp.Account.Application.csproj", "{9CBE5504-41F4-41ED-AD7B-31667B842F24}"
EndProject
Project("{9A19103F-16F7-4668-BE54-9A1E7A4F7556}") = "Passingwind.Abp.Account.HttpApi", "modules\account\src\Passingwind.Abp.Account.HttpApi\Passingwind.Abp.Account.HttpApi.csproj", "{F126C4B8-4A04-4CB1-86AB-05BD2EE9E6C5}"
EndProject
Project("{9A19103F-16F7-4668-BE54-9A1E7A4F7556}") = "Passingwind.Abp.Account.HttpApi.Client", "modules\account\src\Passingwind.Abp.Account.HttpApi.Client\Passingwind.Abp.Account.HttpApi.Client.csproj", "{3C6EBC0E-2677-4826-9B9F-D93547C4C483}"
EndProject
Project("{9A19103F-16F7-4668-BE54-9A1E7A4F7556}") = "Passingwind.Abp.Identity.HttpApi.Client", "modules\identity\src\Passingwind.Abp.Identity.HttpApi.Client\Passingwind.Abp.Identity.HttpApi.Client.csproj", "{41135277-9193-4152-9953-26FE37F0E2D4}"
EndProject
Project("{9A19103F-16F7-4668-BE54-9A1E7A4F7556}") = "Passingwind.Abp.Identity.AspNetCore", "modules\identity\src\Passingwind.Abp.Identity.AspNetCore\Passingwind.Abp.Identity.AspNetCore.csproj", "{EFBFEBE3-3518-4995-9D5C-F6A29BA4894F}"
EndProject
Project("{2150E333-8FDC-42A3-9474-1A3956D46DE8}") = "api-keys", "api-keys", "{3B7ADAD0-F810-48EB-9AF5-7580F403170F}"
EndProject
Project("{2150E333-8FDC-42A3-9474-1A3956D46DE8}") = "src", "src", "{964E905E-FAD8-4098-8131-E7300F99B604}"
EndProject
Project("{9A19103F-16F7-4668-BE54-9A1E7A4F7556}") = "Passingwind.Abp.ApiKey.Domain.Shared", "modules\api-keys\src\Passingwind.Abp.ApiKey.Domain.Shared\Passingwind.Abp.ApiKey.Domain.Shared.csproj", "{9AF1ED86-13FC-4E46-9574-A9280E80B1F5}"
EndProject
Project("{9A19103F-16F7-4668-BE54-9A1E7A4F7556}") = "Passingwind.Abp.ApiKey.Domain", "modules\api-keys\src\Passingwind.Abp.ApiKey.Domain\Passingwind.Abp.ApiKey.Domain.csproj", "{F7B2195B-0E3F-46A4-8A5A-511B63980549}"
EndProject
Project("{9A19103F-16F7-4668-BE54-9A1E7A4F7556}") = "Passingwind.Abp.ApiKey.Application.Contracts", "modules\api-keys\src\Passingwind.Abp.ApiKey.Application.Contracts\Passingwind.Abp.ApiKey.Application.Contracts.csproj", "{9D030937-962B-4B73-85FC-C85D258A124D}"
EndProject
Project("{9A19103F-16F7-4668-BE54-9A1E7A4F7556}") = "Passingwind.Abp.ApiKey.Application", "modules\api-keys\src\Passingwind.Abp.ApiKey.Application\Passingwind.Abp.ApiKey.Application.csproj", "{174F7743-BB3B-4352-B713-0F10AABC1991}"
EndProject
Project("{9A19103F-16F7-4668-BE54-9A1E7A4F7556}") = "Passingwind.Abp.ApiKey.EntityFrameworkCore", "modules\api-keys\src\Passingwind.Abp.ApiKey.EntityFrameworkCore\Passingwind.Abp.ApiKey.EntityFrameworkCore.csproj", "{04B199FE-0FF7-459F-941E-AE548FF5C0B8}"
EndProject
Project("{9A19103F-16F7-4668-BE54-9A1E7A4F7556}") = "Passingwind.Abp.ApiKey.MongoDB", "modules\api-keys\src\Passingwind.Abp.ApiKey.MongoDB\Passingwind.Abp.ApiKey.MongoDB.csproj", "{4A5C9CD7-C670-4E3F-A9B2-4609CC29F00C}"
EndProject
Project("{9A19103F-16F7-4668-BE54-9A1E7A4F7556}") = "Passingwind.Abp.ApiKey.HttpApi", "modules\api-keys\src\Passingwind.Abp.ApiKey.HttpApi\Passingwind.Abp.ApiKey.HttpApi.csproj", "{D97B95F2-C139-42DE-940F-E2E5E034639B}"
EndProject
Project("{9A19103F-16F7-4668-BE54-9A1E7A4F7556}") = "Passingwind.Abp.ApiKey.HttpApi.Client", "modules\api-keys\src\Passingwind.Abp.ApiKey.HttpApi.Client\Passingwind.Abp.ApiKey.HttpApi.Client.csproj", "{634BE0CD-3E3A-40CE-97A5-38C40D6DD867}"
EndProject
Project("{9A19103F-16F7-4668-BE54-9A1E7A4F7556}") = "Passingwind.Abp.ApiKey.AspNetCore", "modules\api-keys\src\Passingwind.Abp.ApiKey.AspNetCore\Passingwind.Abp.ApiKey.AspNetCore.csproj", "{88FBA08B-9CAE-41DE-8573-EC9D657B3387}"
EndProject
Project("{2150E333-8FDC-42A3-9474-1A3956D46DE8}") = "identity-client", "identity-client", "{A208061E-F61E-4A33-B5EF-1BC04654C1DE}"
EndProject
Project("{2150E333-8FDC-42A3-9474-1A3956D46DE8}") = "src", "src", "{B5954512-7C9A-4B14-B06B-F1902B069D22}"
EndProject
Project("{9A19103F-16F7-4668-BE54-9A1E7A4F7556}") = "Passingwind.Abp.IdentityClient.Domain.Shared", "modules\identity-client\src\Passingwind.Abp.IdentityClient.Domain.Shared\Passingwind.Abp.IdentityClient.Domain.Shared.csproj", "{8482613C-A53D-4934-91A5-2ABE101C1184}"
EndProject
Project("{9A19103F-16F7-4668-BE54-9A1E7A4F7556}") = "Passingwind.Abp.IdentityClient.Domain", "modules\identity-client\src\Passingwind.Abp.IdentityClient.Domain\Passingwind.Abp.IdentityClient.Domain.csproj", "{41AE7D1C-13D0-4AC0-9F0E-2331FD29AF8B}"
EndProject
Project("{9A19103F-16F7-4668-BE54-9A1E7A4F7556}") = "Passingwind.Abp.IdentityClient.Application.Contracts", "modules\identity-client\src\Passingwind.Abp.IdentityClient.Application.Contracts\Passingwind.Abp.IdentityClient.Application.Contracts.csproj", "{2D43D8FF-6355-4FB8-9320-DD94CED11D33}"
EndProject
Project("{9A19103F-16F7-4668-BE54-9A1E7A4F7556}") = "Passingwind.Abp.IdentityClient.Application", "modules\identity-client\src\Passingwind.Abp.IdentityClient.Application\Passingwind.Abp.IdentityClient.Application.csproj", "{04104956-87F3-49ED-B8E9-73D26E06C4AC}"
EndProject
Project("{9A19103F-16F7-4668-BE54-9A1E7A4F7556}") = "Passingwind.Abp.IdentityClient.EntityFrameworkCore", "modules\identity-client\src\Passingwind.Abp.IdentityClient.EntityFrameworkCore\Passingwind.Abp.IdentityClient.EntityFrameworkCore.csproj", "{FDCFFC01-8F1E-419D-AB62-59C3F48F9B50}"
EndProject
Project("{9A19103F-16F7-4668-BE54-9A1E7A4F7556}") = "Passingwind.Abp.IdentityClient.MongoDB", "modules\identity-client\src\Passingwind.Abp.IdentityClient.MongoDB\Passingwind.Abp.IdentityClient.MongoDB.csproj", "{28DD881B-112A-4B96-AFE0-3B691A02D17E}"
EndProject
Project("{9A19103F-16F7-4668-BE54-9A1E7A4F7556}") = "Passingwind.Abp.IdentityClient.HttpApi", "modules\identity-client\src\Passingwind.Abp.IdentityClient.HttpApi\Passingwind.Abp.IdentityClient.HttpApi.csproj", "{B65B0B9C-9776-4936-BFB9-07D73E4A9BCC}"
EndProject
Project("{9A19103F-16F7-4668-BE54-9A1E7A4F7556}") = "Passingwind.Abp.IdentityClient.HttpApi.Client", "modules\identity-client\src\Passingwind.Abp.IdentityClient.HttpApi.Client\Passingwind.Abp.IdentityClient.HttpApi.Client.csproj", "{235B7179-3769-4B02-9367-242ADF323486}"
EndProject
Project("{9A19103F-16F7-4668-BE54-9A1E7A4F7556}") = "Passingwind.Abp.IdentityClient.AspNetCore", "modules\identity-client\src\Passingwind.Abp.IdentityClient.AspNetCore\Passingwind.Abp.IdentityClient.AspNetCore.csproj", "{B4ED20E3-55A2-4F35-9FDD-68912752E081}"
EndProject
Global
	GlobalSection(SolutionConfigurationPlatforms) = preSolution
		Debug|Any CPU = Debug|Any CPU
		Release|Any CPU = Release|Any CPU
	EndGlobalSection
	GlobalSection(ProjectConfigurationPlatforms) = postSolution
		{554AD327-6DBA-4F8F-96F8-81CE7A0C863F}.Debug|Any CPU.ActiveCfg = Debug|Any CPU
		{554AD327-6DBA-4F8F-96F8-81CE7A0C863F}.Debug|Any CPU.Build.0 = Debug|Any CPU
		{554AD327-6DBA-4F8F-96F8-81CE7A0C863F}.Release|Any CPU.ActiveCfg = Release|Any CPU
		{554AD327-6DBA-4F8F-96F8-81CE7A0C863F}.Release|Any CPU.Build.0 = Release|Any CPU
		{1A94A50E-06DC-43C1-80B5-B662820EC3EB}.Debug|Any CPU.ActiveCfg = Debug|Any CPU
		{1A94A50E-06DC-43C1-80B5-B662820EC3EB}.Debug|Any CPU.Build.0 = Debug|Any CPU
		{1A94A50E-06DC-43C1-80B5-B662820EC3EB}.Release|Any CPU.ActiveCfg = Release|Any CPU
		{1A94A50E-06DC-43C1-80B5-B662820EC3EB}.Release|Any CPU.Build.0 = Release|Any CPU
		{C956DD76-69C8-4A9C-83EA-D17DF83340FD}.Debug|Any CPU.ActiveCfg = Debug|Any CPU
		{C956DD76-69C8-4A9C-83EA-D17DF83340FD}.Debug|Any CPU.Build.0 = Debug|Any CPU
		{C956DD76-69C8-4A9C-83EA-D17DF83340FD}.Release|Any CPU.ActiveCfg = Release|Any CPU
		{C956DD76-69C8-4A9C-83EA-D17DF83340FD}.Release|Any CPU.Build.0 = Release|Any CPU
		{42F719ED-8413-4895-B5B4-5AB56079BC66}.Debug|Any CPU.ActiveCfg = Debug|Any CPU
		{42F719ED-8413-4895-B5B4-5AB56079BC66}.Debug|Any CPU.Build.0 = Debug|Any CPU
		{42F719ED-8413-4895-B5B4-5AB56079BC66}.Release|Any CPU.ActiveCfg = Release|Any CPU
		{42F719ED-8413-4895-B5B4-5AB56079BC66}.Release|Any CPU.Build.0 = Release|Any CPU
		{520659C8-C734-4298-A3DA-B539DB9DFC0B}.Debug|Any CPU.ActiveCfg = Debug|Any CPU
		{520659C8-C734-4298-A3DA-B539DB9DFC0B}.Debug|Any CPU.Build.0 = Debug|Any CPU
		{520659C8-C734-4298-A3DA-B539DB9DFC0B}.Release|Any CPU.ActiveCfg = Release|Any CPU
		{520659C8-C734-4298-A3DA-B539DB9DFC0B}.Release|Any CPU.Build.0 = Release|Any CPU
		{4164BDF7-F527-4E85-9CE6-E3C2D7426A27}.Debug|Any CPU.ActiveCfg = Debug|Any CPU
		{4164BDF7-F527-4E85-9CE6-E3C2D7426A27}.Debug|Any CPU.Build.0 = Debug|Any CPU
		{4164BDF7-F527-4E85-9CE6-E3C2D7426A27}.Release|Any CPU.ActiveCfg = Release|Any CPU
		{4164BDF7-F527-4E85-9CE6-E3C2D7426A27}.Release|Any CPU.Build.0 = Release|Any CPU
		{3B5A0094-670D-4BB1-BFDD-61B88A8773DC}.Debug|Any CPU.ActiveCfg = Debug|Any CPU
		{3B5A0094-670D-4BB1-BFDD-61B88A8773DC}.Debug|Any CPU.Build.0 = Debug|Any CPU
		{3B5A0094-670D-4BB1-BFDD-61B88A8773DC}.Release|Any CPU.ActiveCfg = Release|Any CPU
		{3B5A0094-670D-4BB1-BFDD-61B88A8773DC}.Release|Any CPU.Build.0 = Release|Any CPU
		{AA94D832-1CCC-4715-95A9-A483F23A1A5D}.Debug|Any CPU.ActiveCfg = Debug|Any CPU
		{AA94D832-1CCC-4715-95A9-A483F23A1A5D}.Debug|Any CPU.Build.0 = Debug|Any CPU
		{AA94D832-1CCC-4715-95A9-A483F23A1A5D}.Release|Any CPU.ActiveCfg = Release|Any CPU
		{AA94D832-1CCC-4715-95A9-A483F23A1A5D}.Release|Any CPU.Build.0 = Release|Any CPU
		{748584B1-BA69-4F6A-81AA-F4BDE6BCE29D}.Debug|Any CPU.ActiveCfg = Debug|Any CPU
		{748584B1-BA69-4F6A-81AA-F4BDE6BCE29D}.Debug|Any CPU.Build.0 = Debug|Any CPU
		{748584B1-BA69-4F6A-81AA-F4BDE6BCE29D}.Release|Any CPU.ActiveCfg = Release|Any CPU
		{748584B1-BA69-4F6A-81AA-F4BDE6BCE29D}.Release|Any CPU.Build.0 = Release|Any CPU
		{D64C1577-4929-4B60-939E-96DE1534891A}.Debug|Any CPU.ActiveCfg = Debug|Any CPU
		{D64C1577-4929-4B60-939E-96DE1534891A}.Debug|Any CPU.Build.0 = Debug|Any CPU
		{D64C1577-4929-4B60-939E-96DE1534891A}.Release|Any CPU.ActiveCfg = Release|Any CPU
		{D64C1577-4929-4B60-939E-96DE1534891A}.Release|Any CPU.Build.0 = Release|Any CPU
		{F2840BC7-0188-4606-9126-DADD0F5ABF7A}.Debug|Any CPU.ActiveCfg = Debug|Any CPU
		{F2840BC7-0188-4606-9126-DADD0F5ABF7A}.Debug|Any CPU.Build.0 = Debug|Any CPU
		{F2840BC7-0188-4606-9126-DADD0F5ABF7A}.Release|Any CPU.ActiveCfg = Release|Any CPU
		{F2840BC7-0188-4606-9126-DADD0F5ABF7A}.Release|Any CPU.Build.0 = Release|Any CPU
		{BD65D04F-08D5-40C1-8C24-77CA0BACB877}.Debug|Any CPU.ActiveCfg = Debug|Any CPU
		{BD65D04F-08D5-40C1-8C24-77CA0BACB877}.Debug|Any CPU.Build.0 = Debug|Any CPU
		{BD65D04F-08D5-40C1-8C24-77CA0BACB877}.Release|Any CPU.ActiveCfg = Release|Any CPU
		{BD65D04F-08D5-40C1-8C24-77CA0BACB877}.Release|Any CPU.Build.0 = Release|Any CPU
		{78040F9E-3501-4A40-82DF-00A597710F35}.Debug|Any CPU.ActiveCfg = Debug|Any CPU
		{78040F9E-3501-4A40-82DF-00A597710F35}.Debug|Any CPU.Build.0 = Debug|Any CPU
		{78040F9E-3501-4A40-82DF-00A597710F35}.Release|Any CPU.ActiveCfg = Release|Any CPU
		{78040F9E-3501-4A40-82DF-00A597710F35}.Release|Any CPU.Build.0 = Release|Any CPU
		{0CE86223-D31D-4315-A1F5-87BA3EE1B844}.Debug|Any CPU.ActiveCfg = Debug|Any CPU
		{0CE86223-D31D-4315-A1F5-87BA3EE1B844}.Debug|Any CPU.Build.0 = Debug|Any CPU
		{0CE86223-D31D-4315-A1F5-87BA3EE1B844}.Release|Any CPU.ActiveCfg = Release|Any CPU
		{0CE86223-D31D-4315-A1F5-87BA3EE1B844}.Release|Any CPU.Build.0 = Release|Any CPU
		{F1C58097-4C08-4D88-8976-6B3389391481}.Debug|Any CPU.ActiveCfg = Debug|Any CPU
		{F1C58097-4C08-4D88-8976-6B3389391481}.Debug|Any CPU.Build.0 = Debug|Any CPU
		{F1C58097-4C08-4D88-8976-6B3389391481}.Release|Any CPU.ActiveCfg = Release|Any CPU
		{F1C58097-4C08-4D88-8976-6B3389391481}.Release|Any CPU.Build.0 = Release|Any CPU
		{077AA5F8-8B61-420C-A6B5-0150A66FDB34}.Debug|Any CPU.ActiveCfg = Debug|Any CPU
		{077AA5F8-8B61-420C-A6B5-0150A66FDB34}.Debug|Any CPU.Build.0 = Debug|Any CPU
		{077AA5F8-8B61-420C-A6B5-0150A66FDB34}.Release|Any CPU.ActiveCfg = Release|Any CPU
		{077AA5F8-8B61-420C-A6B5-0150A66FDB34}.Release|Any CPU.Build.0 = Release|Any CPU
		{36E2735F-CEAB-44C8-A6D1-2CDAFF399751}.Debug|Any CPU.ActiveCfg = Debug|Any CPU
		{36E2735F-CEAB-44C8-A6D1-2CDAFF399751}.Debug|Any CPU.Build.0 = Debug|Any CPU
		{36E2735F-CEAB-44C8-A6D1-2CDAFF399751}.Release|Any CPU.ActiveCfg = Release|Any CPU
		{36E2735F-CEAB-44C8-A6D1-2CDAFF399751}.Release|Any CPU.Build.0 = Release|Any CPU
		{4B4AFFCD-70D4-40ED-8A91-6136C3C7A2AD}.Debug|Any CPU.ActiveCfg = Debug|Any CPU
		{4B4AFFCD-70D4-40ED-8A91-6136C3C7A2AD}.Debug|Any CPU.Build.0 = Debug|Any CPU
		{4B4AFFCD-70D4-40ED-8A91-6136C3C7A2AD}.Release|Any CPU.ActiveCfg = Release|Any CPU
		{4B4AFFCD-70D4-40ED-8A91-6136C3C7A2AD}.Release|Any CPU.Build.0 = Release|Any CPU
		{D1EF78F6-BC44-4447-BBC9-394ECD42F451}.Debug|Any CPU.ActiveCfg = Debug|Any CPU
		{D1EF78F6-BC44-4447-BBC9-394ECD42F451}.Debug|Any CPU.Build.0 = Debug|Any CPU
		{D1EF78F6-BC44-4447-BBC9-394ECD42F451}.Release|Any CPU.ActiveCfg = Release|Any CPU
		{D1EF78F6-BC44-4447-BBC9-394ECD42F451}.Release|Any CPU.Build.0 = Release|Any CPU
		{A132CBF8-8D34-4ACC-9E8E-E5A90405B504}.Debug|Any CPU.ActiveCfg = Debug|Any CPU
		{A132CBF8-8D34-4ACC-9E8E-E5A90405B504}.Debug|Any CPU.Build.0 = Debug|Any CPU
		{A132CBF8-8D34-4ACC-9E8E-E5A90405B504}.Release|Any CPU.ActiveCfg = Release|Any CPU
		{A132CBF8-8D34-4ACC-9E8E-E5A90405B504}.Release|Any CPU.Build.0 = Release|Any CPU
		{40A89641-6445-48B4-8325-068D15CF69B0}.Debug|Any CPU.ActiveCfg = Debug|Any CPU
		{40A89641-6445-48B4-8325-068D15CF69B0}.Debug|Any CPU.Build.0 = Debug|Any CPU
		{40A89641-6445-48B4-8325-068D15CF69B0}.Release|Any CPU.ActiveCfg = Release|Any CPU
		{40A89641-6445-48B4-8325-068D15CF69B0}.Release|Any CPU.Build.0 = Release|Any CPU
		{DD5ACB86-0792-4B0B-A8BF-54CE12B77EE0}.Debug|Any CPU.ActiveCfg = Debug|Any CPU
		{DD5ACB86-0792-4B0B-A8BF-54CE12B77EE0}.Debug|Any CPU.Build.0 = Debug|Any CPU
		{DD5ACB86-0792-4B0B-A8BF-54CE12B77EE0}.Release|Any CPU.ActiveCfg = Release|Any CPU
		{DD5ACB86-0792-4B0B-A8BF-54CE12B77EE0}.Release|Any CPU.Build.0 = Release|Any CPU
		{0EE79A7A-3314-40EC-B8D7-63CE4942FFC2}.Debug|Any CPU.ActiveCfg = Debug|Any CPU
		{0EE79A7A-3314-40EC-B8D7-63CE4942FFC2}.Debug|Any CPU.Build.0 = Debug|Any CPU
		{0EE79A7A-3314-40EC-B8D7-63CE4942FFC2}.Release|Any CPU.ActiveCfg = Release|Any CPU
		{0EE79A7A-3314-40EC-B8D7-63CE4942FFC2}.Release|Any CPU.Build.0 = Release|Any CPU
		{735608B4-2DEA-4486-9A2C-D4C107680025}.Debug|Any CPU.ActiveCfg = Debug|Any CPU
		{735608B4-2DEA-4486-9A2C-D4C107680025}.Debug|Any CPU.Build.0 = Debug|Any CPU
		{735608B4-2DEA-4486-9A2C-D4C107680025}.Release|Any CPU.ActiveCfg = Release|Any CPU
		{735608B4-2DEA-4486-9A2C-D4C107680025}.Release|Any CPU.Build.0 = Release|Any CPU
		{2DB157B1-1EF2-4548-A154-3F05263C338B}.Debug|Any CPU.ActiveCfg = Debug|Any CPU
		{2DB157B1-1EF2-4548-A154-3F05263C338B}.Debug|Any CPU.Build.0 = Debug|Any CPU
		{2DB157B1-1EF2-4548-A154-3F05263C338B}.Release|Any CPU.ActiveCfg = Release|Any CPU
		{2DB157B1-1EF2-4548-A154-3F05263C338B}.Release|Any CPU.Build.0 = Release|Any CPU
		{41ED28CA-CB9A-446C-A63D-92D932195DD8}.Debug|Any CPU.ActiveCfg = Debug|Any CPU
		{41ED28CA-CB9A-446C-A63D-92D932195DD8}.Debug|Any CPU.Build.0 = Debug|Any CPU
		{41ED28CA-CB9A-446C-A63D-92D932195DD8}.Release|Any CPU.ActiveCfg = Release|Any CPU
		{41ED28CA-CB9A-446C-A63D-92D932195DD8}.Release|Any CPU.Build.0 = Release|Any CPU
		{4C42EC8C-0DDE-48EB-A1A9-6B093A9E9666}.Debug|Any CPU.ActiveCfg = Debug|Any CPU
		{4C42EC8C-0DDE-48EB-A1A9-6B093A9E9666}.Debug|Any CPU.Build.0 = Debug|Any CPU
		{4C42EC8C-0DDE-48EB-A1A9-6B093A9E9666}.Release|Any CPU.ActiveCfg = Release|Any CPU
		{4C42EC8C-0DDE-48EB-A1A9-6B093A9E9666}.Release|Any CPU.Build.0 = Release|Any CPU
		{12F3145F-76B7-46AF-B168-2F9265997F0A}.Debug|Any CPU.ActiveCfg = Debug|Any CPU
		{12F3145F-76B7-46AF-B168-2F9265997F0A}.Debug|Any CPU.Build.0 = Debug|Any CPU
		{12F3145F-76B7-46AF-B168-2F9265997F0A}.Release|Any CPU.ActiveCfg = Release|Any CPU
		{12F3145F-76B7-46AF-B168-2F9265997F0A}.Release|Any CPU.Build.0 = Release|Any CPU
		{50FBAE74-1A47-4F83-B3DC-CAADDF8BE11E}.Debug|Any CPU.ActiveCfg = Debug|Any CPU
		{50FBAE74-1A47-4F83-B3DC-CAADDF8BE11E}.Debug|Any CPU.Build.0 = Debug|Any CPU
		{50FBAE74-1A47-4F83-B3DC-CAADDF8BE11E}.Release|Any CPU.ActiveCfg = Release|Any CPU
		{50FBAE74-1A47-4F83-B3DC-CAADDF8BE11E}.Release|Any CPU.Build.0 = Release|Any CPU
		{C96263B9-0FA9-4710-92D0-CDDD7400BD9B}.Debug|Any CPU.ActiveCfg = Debug|Any CPU
		{C96263B9-0FA9-4710-92D0-CDDD7400BD9B}.Debug|Any CPU.Build.0 = Debug|Any CPU
		{C96263B9-0FA9-4710-92D0-CDDD7400BD9B}.Release|Any CPU.ActiveCfg = Release|Any CPU
		{C96263B9-0FA9-4710-92D0-CDDD7400BD9B}.Release|Any CPU.Build.0 = Release|Any CPU
		{A4BE1B4C-D3FF-45BA-8CCD-807BAAE3A441}.Debug|Any CPU.ActiveCfg = Debug|Any CPU
		{A4BE1B4C-D3FF-45BA-8CCD-807BAAE3A441}.Debug|Any CPU.Build.0 = Debug|Any CPU
		{A4BE1B4C-D3FF-45BA-8CCD-807BAAE3A441}.Release|Any CPU.ActiveCfg = Release|Any CPU
		{A4BE1B4C-D3FF-45BA-8CCD-807BAAE3A441}.Release|Any CPU.Build.0 = Release|Any CPU
		{18F8D5E8-54B4-4399-BC77-32A70DD286FC}.Debug|Any CPU.ActiveCfg = Debug|Any CPU
		{18F8D5E8-54B4-4399-BC77-32A70DD286FC}.Debug|Any CPU.Build.0 = Debug|Any CPU
		{18F8D5E8-54B4-4399-BC77-32A70DD286FC}.Release|Any CPU.ActiveCfg = Release|Any CPU
		{18F8D5E8-54B4-4399-BC77-32A70DD286FC}.Release|Any CPU.Build.0 = Release|Any CPU
		{863B1141-4CAA-4AA1-8B5F-CD923AF67CD4}.Debug|Any CPU.ActiveCfg = Debug|Any CPU
		{863B1141-4CAA-4AA1-8B5F-CD923AF67CD4}.Debug|Any CPU.Build.0 = Debug|Any CPU
		{863B1141-4CAA-4AA1-8B5F-CD923AF67CD4}.Release|Any CPU.ActiveCfg = Release|Any CPU
		{863B1141-4CAA-4AA1-8B5F-CD923AF67CD4}.Release|Any CPU.Build.0 = Release|Any CPU
		{BB297BBA-CC25-461B-828B-AC3A1ABFDD21}.Debug|Any CPU.ActiveCfg = Debug|Any CPU
		{BB297BBA-CC25-461B-828B-AC3A1ABFDD21}.Debug|Any CPU.Build.0 = Debug|Any CPU
		{BB297BBA-CC25-461B-828B-AC3A1ABFDD21}.Release|Any CPU.ActiveCfg = Release|Any CPU
		{BB297BBA-CC25-461B-828B-AC3A1ABFDD21}.Release|Any CPU.Build.0 = Release|Any CPU
		{3477EB83-3898-4C99-BFC6-4E255C8A18A9}.Debug|Any CPU.ActiveCfg = Debug|Any CPU
		{3477EB83-3898-4C99-BFC6-4E255C8A18A9}.Debug|Any CPU.Build.0 = Debug|Any CPU
		{3477EB83-3898-4C99-BFC6-4E255C8A18A9}.Release|Any CPU.ActiveCfg = Release|Any CPU
		{3477EB83-3898-4C99-BFC6-4E255C8A18A9}.Release|Any CPU.Build.0 = Release|Any CPU
		{E07FB17F-212F-452B-A444-C066A4D331A0}.Debug|Any CPU.ActiveCfg = Debug|Any CPU
		{E07FB17F-212F-452B-A444-C066A4D331A0}.Debug|Any CPU.Build.0 = Debug|Any CPU
		{E07FB17F-212F-452B-A444-C066A4D331A0}.Release|Any CPU.ActiveCfg = Release|Any CPU
		{E07FB17F-212F-452B-A444-C066A4D331A0}.Release|Any CPU.Build.0 = Release|Any CPU
		{FF3573BF-09E3-4A50-AFCB-FCDF84CF3899}.Debug|Any CPU.ActiveCfg = Debug|Any CPU
		{FF3573BF-09E3-4A50-AFCB-FCDF84CF3899}.Debug|Any CPU.Build.0 = Debug|Any CPU
		{FF3573BF-09E3-4A50-AFCB-FCDF84CF3899}.Release|Any CPU.ActiveCfg = Release|Any CPU
		{FF3573BF-09E3-4A50-AFCB-FCDF84CF3899}.Release|Any CPU.Build.0 = Release|Any CPU
		{BC99424F-4DDE-4339-A951-5B1F96E72CA9}.Debug|Any CPU.ActiveCfg = Debug|Any CPU
		{BC99424F-4DDE-4339-A951-5B1F96E72CA9}.Debug|Any CPU.Build.0 = Debug|Any CPU
		{BC99424F-4DDE-4339-A951-5B1F96E72CA9}.Release|Any CPU.ActiveCfg = Release|Any CPU
		{BC99424F-4DDE-4339-A951-5B1F96E72CA9}.Release|Any CPU.Build.0 = Release|Any CPU
		{C2382D3D-FEA5-4FD6-9856-16617438B9FE}.Debug|Any CPU.ActiveCfg = Debug|Any CPU
		{C2382D3D-FEA5-4FD6-9856-16617438B9FE}.Debug|Any CPU.Build.0 = Debug|Any CPU
		{C2382D3D-FEA5-4FD6-9856-16617438B9FE}.Release|Any CPU.ActiveCfg = Release|Any CPU
		{C2382D3D-FEA5-4FD6-9856-16617438B9FE}.Release|Any CPU.Build.0 = Release|Any CPU
		{36B6E819-E3CC-4536-8555-93A0EDE555D5}.Debug|Any CPU.ActiveCfg = Debug|Any CPU
		{36B6E819-E3CC-4536-8555-93A0EDE555D5}.Debug|Any CPU.Build.0 = Debug|Any CPU
		{36B6E819-E3CC-4536-8555-93A0EDE555D5}.Release|Any CPU.ActiveCfg = Release|Any CPU
		{36B6E819-E3CC-4536-8555-93A0EDE555D5}.Release|Any CPU.Build.0 = Release|Any CPU
		{C027A7B1-5E62-4C61-AC28-B316DBE9CDA4}.Debug|Any CPU.ActiveCfg = Debug|Any CPU
		{C027A7B1-5E62-4C61-AC28-B316DBE9CDA4}.Debug|Any CPU.Build.0 = Debug|Any CPU
		{C027A7B1-5E62-4C61-AC28-B316DBE9CDA4}.Release|Any CPU.ActiveCfg = Release|Any CPU
		{C027A7B1-5E62-4C61-AC28-B316DBE9CDA4}.Release|Any CPU.Build.0 = Release|Any CPU
		{9CBE5504-41F4-41ED-AD7B-31667B842F24}.Debug|Any CPU.ActiveCfg = Debug|Any CPU
		{9CBE5504-41F4-41ED-AD7B-31667B842F24}.Debug|Any CPU.Build.0 = Debug|Any CPU
		{9CBE5504-41F4-41ED-AD7B-31667B842F24}.Release|Any CPU.ActiveCfg = Release|Any CPU
		{9CBE5504-41F4-41ED-AD7B-31667B842F24}.Release|Any CPU.Build.0 = Release|Any CPU
		{F126C4B8-4A04-4CB1-86AB-05BD2EE9E6C5}.Debug|Any CPU.ActiveCfg = Debug|Any CPU
		{F126C4B8-4A04-4CB1-86AB-05BD2EE9E6C5}.Debug|Any CPU.Build.0 = Debug|Any CPU
		{F126C4B8-4A04-4CB1-86AB-05BD2EE9E6C5}.Release|Any CPU.ActiveCfg = Release|Any CPU
		{F126C4B8-4A04-4CB1-86AB-05BD2EE9E6C5}.Release|Any CPU.Build.0 = Release|Any CPU
		{3C6EBC0E-2677-4826-9B9F-D93547C4C483}.Debug|Any CPU.ActiveCfg = Debug|Any CPU
		{3C6EBC0E-2677-4826-9B9F-D93547C4C483}.Debug|Any CPU.Build.0 = Debug|Any CPU
		{3C6EBC0E-2677-4826-9B9F-D93547C4C483}.Release|Any CPU.ActiveCfg = Release|Any CPU
		{3C6EBC0E-2677-4826-9B9F-D93547C4C483}.Release|Any CPU.Build.0 = Release|Any CPU
		{41135277-9193-4152-9953-26FE37F0E2D4}.Debug|Any CPU.ActiveCfg = Debug|Any CPU
		{41135277-9193-4152-9953-26FE37F0E2D4}.Debug|Any CPU.Build.0 = Debug|Any CPU
		{41135277-9193-4152-9953-26FE37F0E2D4}.Release|Any CPU.ActiveCfg = Release|Any CPU
		{41135277-9193-4152-9953-26FE37F0E2D4}.Release|Any CPU.Build.0 = Release|Any CPU
		{EFBFEBE3-3518-4995-9D5C-F6A29BA4894F}.Debug|Any CPU.ActiveCfg = Debug|Any CPU
		{EFBFEBE3-3518-4995-9D5C-F6A29BA4894F}.Debug|Any CPU.Build.0 = Debug|Any CPU
		{EFBFEBE3-3518-4995-9D5C-F6A29BA4894F}.Release|Any CPU.ActiveCfg = Release|Any CPU
		{EFBFEBE3-3518-4995-9D5C-F6A29BA4894F}.Release|Any CPU.Build.0 = Release|Any CPU
		{9AF1ED86-13FC-4E46-9574-A9280E80B1F5}.Debug|Any CPU.ActiveCfg = Debug|Any CPU
		{9AF1ED86-13FC-4E46-9574-A9280E80B1F5}.Debug|Any CPU.Build.0 = Debug|Any CPU
		{9AF1ED86-13FC-4E46-9574-A9280E80B1F5}.Release|Any CPU.ActiveCfg = Release|Any CPU
		{9AF1ED86-13FC-4E46-9574-A9280E80B1F5}.Release|Any CPU.Build.0 = Release|Any CPU
		{F7B2195B-0E3F-46A4-8A5A-511B63980549}.Debug|Any CPU.ActiveCfg = Debug|Any CPU
		{F7B2195B-0E3F-46A4-8A5A-511B63980549}.Debug|Any CPU.Build.0 = Debug|Any CPU
		{F7B2195B-0E3F-46A4-8A5A-511B63980549}.Release|Any CPU.ActiveCfg = Release|Any CPU
		{F7B2195B-0E3F-46A4-8A5A-511B63980549}.Release|Any CPU.Build.0 = Release|Any CPU
		{9D030937-962B-4B73-85FC-C85D258A124D}.Debug|Any CPU.ActiveCfg = Debug|Any CPU
		{9D030937-962B-4B73-85FC-C85D258A124D}.Debug|Any CPU.Build.0 = Debug|Any CPU
		{9D030937-962B-4B73-85FC-C85D258A124D}.Release|Any CPU.ActiveCfg = Release|Any CPU
		{9D030937-962B-4B73-85FC-C85D258A124D}.Release|Any CPU.Build.0 = Release|Any CPU
		{174F7743-BB3B-4352-B713-0F10AABC1991}.Debug|Any CPU.ActiveCfg = Debug|Any CPU
		{174F7743-BB3B-4352-B713-0F10AABC1991}.Debug|Any CPU.Build.0 = Debug|Any CPU
		{174F7743-BB3B-4352-B713-0F10AABC1991}.Release|Any CPU.ActiveCfg = Release|Any CPU
		{174F7743-BB3B-4352-B713-0F10AABC1991}.Release|Any CPU.Build.0 = Release|Any CPU
		{04B199FE-0FF7-459F-941E-AE548FF5C0B8}.Debug|Any CPU.ActiveCfg = Debug|Any CPU
		{04B199FE-0FF7-459F-941E-AE548FF5C0B8}.Debug|Any CPU.Build.0 = Debug|Any CPU
		{04B199FE-0FF7-459F-941E-AE548FF5C0B8}.Release|Any CPU.ActiveCfg = Release|Any CPU
		{04B199FE-0FF7-459F-941E-AE548FF5C0B8}.Release|Any CPU.Build.0 = Release|Any CPU
		{4A5C9CD7-C670-4E3F-A9B2-4609CC29F00C}.Debug|Any CPU.ActiveCfg = Debug|Any CPU
		{4A5C9CD7-C670-4E3F-A9B2-4609CC29F00C}.Debug|Any CPU.Build.0 = Debug|Any CPU
		{4A5C9CD7-C670-4E3F-A9B2-4609CC29F00C}.Release|Any CPU.ActiveCfg = Release|Any CPU
		{4A5C9CD7-C670-4E3F-A9B2-4609CC29F00C}.Release|Any CPU.Build.0 = Release|Any CPU
		{D97B95F2-C139-42DE-940F-E2E5E034639B}.Debug|Any CPU.ActiveCfg = Debug|Any CPU
		{D97B95F2-C139-42DE-940F-E2E5E034639B}.Debug|Any CPU.Build.0 = Debug|Any CPU
		{D97B95F2-C139-42DE-940F-E2E5E034639B}.Release|Any CPU.ActiveCfg = Release|Any CPU
		{D97B95F2-C139-42DE-940F-E2E5E034639B}.Release|Any CPU.Build.0 = Release|Any CPU
		{634BE0CD-3E3A-40CE-97A5-38C40D6DD867}.Debug|Any CPU.ActiveCfg = Debug|Any CPU
		{634BE0CD-3E3A-40CE-97A5-38C40D6DD867}.Debug|Any CPU.Build.0 = Debug|Any CPU
		{634BE0CD-3E3A-40CE-97A5-38C40D6DD867}.Release|Any CPU.ActiveCfg = Release|Any CPU
		{634BE0CD-3E3A-40CE-97A5-38C40D6DD867}.Release|Any CPU.Build.0 = Release|Any CPU
		{88FBA08B-9CAE-41DE-8573-EC9D657B3387}.Debug|Any CPU.ActiveCfg = Debug|Any CPU
		{88FBA08B-9CAE-41DE-8573-EC9D657B3387}.Debug|Any CPU.Build.0 = Debug|Any CPU
		{88FBA08B-9CAE-41DE-8573-EC9D657B3387}.Release|Any CPU.ActiveCfg = Release|Any CPU
		{88FBA08B-9CAE-41DE-8573-EC9D657B3387}.Release|Any CPU.Build.0 = Release|Any CPU
		{8482613C-A53D-4934-91A5-2ABE101C1184}.Debug|Any CPU.ActiveCfg = Debug|Any CPU
		{8482613C-A53D-4934-91A5-2ABE101C1184}.Debug|Any CPU.Build.0 = Debug|Any CPU
		{8482613C-A53D-4934-91A5-2ABE101C1184}.Release|Any CPU.ActiveCfg = Release|Any CPU
		{8482613C-A53D-4934-91A5-2ABE101C1184}.Release|Any CPU.Build.0 = Release|Any CPU
		{41AE7D1C-13D0-4AC0-9F0E-2331FD29AF8B}.Debug|Any CPU.ActiveCfg = Debug|Any CPU
		{41AE7D1C-13D0-4AC0-9F0E-2331FD29AF8B}.Debug|Any CPU.Build.0 = Debug|Any CPU
		{41AE7D1C-13D0-4AC0-9F0E-2331FD29AF8B}.Release|Any CPU.ActiveCfg = Release|Any CPU
		{41AE7D1C-13D0-4AC0-9F0E-2331FD29AF8B}.Release|Any CPU.Build.0 = Release|Any CPU
		{2D43D8FF-6355-4FB8-9320-DD94CED11D33}.Debug|Any CPU.ActiveCfg = Debug|Any CPU
		{2D43D8FF-6355-4FB8-9320-DD94CED11D33}.Debug|Any CPU.Build.0 = Debug|Any CPU
		{2D43D8FF-6355-4FB8-9320-DD94CED11D33}.Release|Any CPU.ActiveCfg = Release|Any CPU
		{2D43D8FF-6355-4FB8-9320-DD94CED11D33}.Release|Any CPU.Build.0 = Release|Any CPU
		{04104956-87F3-49ED-B8E9-73D26E06C4AC}.Debug|Any CPU.ActiveCfg = Debug|Any CPU
		{04104956-87F3-49ED-B8E9-73D26E06C4AC}.Debug|Any CPU.Build.0 = Debug|Any CPU
		{04104956-87F3-49ED-B8E9-73D26E06C4AC}.Release|Any CPU.ActiveCfg = Release|Any CPU
		{04104956-87F3-49ED-B8E9-73D26E06C4AC}.Release|Any CPU.Build.0 = Release|Any CPU
		{FDCFFC01-8F1E-419D-AB62-59C3F48F9B50}.Debug|Any CPU.ActiveCfg = Debug|Any CPU
		{FDCFFC01-8F1E-419D-AB62-59C3F48F9B50}.Debug|Any CPU.Build.0 = Debug|Any CPU
		{FDCFFC01-8F1E-419D-AB62-59C3F48F9B50}.Release|Any CPU.ActiveCfg = Release|Any CPU
		{FDCFFC01-8F1E-419D-AB62-59C3F48F9B50}.Release|Any CPU.Build.0 = Release|Any CPU
		{28DD881B-112A-4B96-AFE0-3B691A02D17E}.Debug|Any CPU.ActiveCfg = Debug|Any CPU
		{28DD881B-112A-4B96-AFE0-3B691A02D17E}.Debug|Any CPU.Build.0 = Debug|Any CPU
		{28DD881B-112A-4B96-AFE0-3B691A02D17E}.Release|Any CPU.ActiveCfg = Release|Any CPU
		{28DD881B-112A-4B96-AFE0-3B691A02D17E}.Release|Any CPU.Build.0 = Release|Any CPU
		{B65B0B9C-9776-4936-BFB9-07D73E4A9BCC}.Debug|Any CPU.ActiveCfg = Debug|Any CPU
		{B65B0B9C-9776-4936-BFB9-07D73E4A9BCC}.Debug|Any CPU.Build.0 = Debug|Any CPU
		{B65B0B9C-9776-4936-BFB9-07D73E4A9BCC}.Release|Any CPU.ActiveCfg = Release|Any CPU
		{B65B0B9C-9776-4936-BFB9-07D73E4A9BCC}.Release|Any CPU.Build.0 = Release|Any CPU
		{235B7179-3769-4B02-9367-242ADF323486}.Debug|Any CPU.ActiveCfg = Debug|Any CPU
		{235B7179-3769-4B02-9367-242ADF323486}.Debug|Any CPU.Build.0 = Debug|Any CPU
		{235B7179-3769-4B02-9367-242ADF323486}.Release|Any CPU.ActiveCfg = Release|Any CPU
		{235B7179-3769-4B02-9367-242ADF323486}.Release|Any CPU.Build.0 = Release|Any CPU
		{B4ED20E3-55A2-4F35-9FDD-68912752E081}.Debug|Any CPU.ActiveCfg = Debug|Any CPU
		{B4ED20E3-55A2-4F35-9FDD-68912752E081}.Debug|Any CPU.Build.0 = Debug|Any CPU
		{B4ED20E3-55A2-4F35-9FDD-68912752E081}.Release|Any CPU.ActiveCfg = Release|Any CPU
		{B4ED20E3-55A2-4F35-9FDD-68912752E081}.Release|Any CPU.Build.0 = Release|Any CPU
	EndGlobalSection
	GlobalSection(SolutionProperties) = preSolution
		HideSolutionNode = FALSE
	EndGlobalSection
	GlobalSection(NestedProjects) = preSolution
		{554AD327-6DBA-4F8F-96F8-81CE7A0C863F} = {CA9AC87F-097E-4F15-8393-4BC07735A5B0}
		{1A94A50E-06DC-43C1-80B5-B662820EC3EB} = {CA9AC87F-097E-4F15-8393-4BC07735A5B0}
		{C956DD76-69C8-4A9C-83EA-D17DF83340FD} = {CA9AC87F-097E-4F15-8393-4BC07735A5B0}
		{42F719ED-8413-4895-B5B4-5AB56079BC66} = {CA9AC87F-097E-4F15-8393-4BC07735A5B0}
		{520659C8-C734-4298-A3DA-B539DB9DFC0B} = {CA9AC87F-097E-4F15-8393-4BC07735A5B0}
		{4164BDF7-F527-4E85-9CE6-E3C2D7426A27} = {CA9AC87F-097E-4F15-8393-4BC07735A5B0}
		{3B5A0094-670D-4BB1-BFDD-61B88A8773DC} = {CA9AC87F-097E-4F15-8393-4BC07735A5B0}
		{AA94D832-1CCC-4715-95A9-A483F23A1A5D} = {CA9AC87F-097E-4F15-8393-4BC07735A5B0}
		{748584B1-BA69-4F6A-81AA-F4BDE6BCE29D} = {CA9AC87F-097E-4F15-8393-4BC07735A5B0}
		{DB8C2DD9-8574-494D-9C22-28043410E149} = {9EAC2FB6-A28A-4851-B809-BF8216AAAFE0}
		{D64C1577-4929-4B60-939E-96DE1534891A} = {099118E5-14DC-42A3-AC87-AECAFE06A1A9}
		{F2840BC7-0188-4606-9126-DADD0F5ABF7A} = {099118E5-14DC-42A3-AC87-AECAFE06A1A9}
		{BD65D04F-08D5-40C1-8C24-77CA0BACB877} = {099118E5-14DC-42A3-AC87-AECAFE06A1A9}
		{78040F9E-3501-4A40-82DF-00A597710F35} = {099118E5-14DC-42A3-AC87-AECAFE06A1A9}
		{0CE86223-D31D-4315-A1F5-87BA3EE1B844} = {099118E5-14DC-42A3-AC87-AECAFE06A1A9}
		{F1C58097-4C08-4D88-8976-6B3389391481} = {099118E5-14DC-42A3-AC87-AECAFE06A1A9}
		{077AA5F8-8B61-420C-A6B5-0150A66FDB34} = {099118E5-14DC-42A3-AC87-AECAFE06A1A9}
		{36E2735F-CEAB-44C8-A6D1-2CDAFF399751} = {099118E5-14DC-42A3-AC87-AECAFE06A1A9}
		{099118E5-14DC-42A3-AC87-AECAFE06A1A9} = {DB8C2DD9-8574-494D-9C22-28043410E149}
		{A372DE5B-C4BB-4842-8A2C-28F0A37551B1} = {9EAC2FB6-A28A-4851-B809-BF8216AAAFE0}
		{320EB9D6-2CBF-4FF9-ACE3-DB0E56CCB6CB} = {A372DE5B-C4BB-4842-8A2C-28F0A37551B1}
		{4B4AFFCD-70D4-40ED-8A91-6136C3C7A2AD} = {320EB9D6-2CBF-4FF9-ACE3-DB0E56CCB6CB}
		{D1EF78F6-BC44-4447-BBC9-394ECD42F451} = {320EB9D6-2CBF-4FF9-ACE3-DB0E56CCB6CB}
		{A132CBF8-8D34-4ACC-9E8E-E5A90405B504} = {320EB9D6-2CBF-4FF9-ACE3-DB0E56CCB6CB}
		{40A89641-6445-48B4-8325-068D15CF69B0} = {320EB9D6-2CBF-4FF9-ACE3-DB0E56CCB6CB}
		{DD5ACB86-0792-4B0B-A8BF-54CE12B77EE0} = {320EB9D6-2CBF-4FF9-ACE3-DB0E56CCB6CB}
		{0EE79A7A-3314-40EC-B8D7-63CE4942FFC2} = {320EB9D6-2CBF-4FF9-ACE3-DB0E56CCB6CB}
		{735608B4-2DEA-4486-9A2C-D4C107680025} = {320EB9D6-2CBF-4FF9-ACE3-DB0E56CCB6CB}
		{2DB157B1-1EF2-4548-A154-3F05263C338B} = {320EB9D6-2CBF-4FF9-ACE3-DB0E56CCB6CB}
		{0262B53C-3807-4ACC-B1E6-FCC0817B6971} = {9EAC2FB6-A28A-4851-B809-BF8216AAAFE0}
		{E4E4978C-8541-4C36-B258-800A8B177769} = {0262B53C-3807-4ACC-B1E6-FCC0817B6971}
		{41ED28CA-CB9A-446C-A63D-92D932195DD8} = {E4E4978C-8541-4C36-B258-800A8B177769}
		{4C42EC8C-0DDE-48EB-A1A9-6B093A9E9666} = {E4E4978C-8541-4C36-B258-800A8B177769}
		{12F3145F-76B7-46AF-B168-2F9265997F0A} = {E4E4978C-8541-4C36-B258-800A8B177769}
		{50FBAE74-1A47-4F83-B3DC-CAADDF8BE11E} = {E4E4978C-8541-4C36-B258-800A8B177769}
		{C96263B9-0FA9-4710-92D0-CDDD7400BD9B} = {E4E4978C-8541-4C36-B258-800A8B177769}
		{A4BE1B4C-D3FF-45BA-8CCD-807BAAE3A441} = {E4E4978C-8541-4C36-B258-800A8B177769}
		{18F8D5E8-54B4-4399-BC77-32A70DD286FC} = {E4E4978C-8541-4C36-B258-800A8B177769}
		{863B1141-4CAA-4AA1-8B5F-CD923AF67CD4} = {E4E4978C-8541-4C36-B258-800A8B177769}
		{4A4FBA8F-3B0A-4709-81EA-0238F219BA9F} = {9EAC2FB6-A28A-4851-B809-BF8216AAAFE0}
		{1D9AB036-09A0-4645-B692-4CFC6B63A5C9} = {4A4FBA8F-3B0A-4709-81EA-0238F219BA9F}
		{BB297BBA-CC25-461B-828B-AC3A1ABFDD21} = {1D9AB036-09A0-4645-B692-4CFC6B63A5C9}
		{3477EB83-3898-4C99-BFC6-4E255C8A18A9} = {1D9AB036-09A0-4645-B692-4CFC6B63A5C9}
		{E07FB17F-212F-452B-A444-C066A4D331A0} = {1D9AB036-09A0-4645-B692-4CFC6B63A5C9}
		{FF3573BF-09E3-4A50-AFCB-FCDF84CF3899} = {1D9AB036-09A0-4645-B692-4CFC6B63A5C9}
		{BC99424F-4DDE-4339-A951-5B1F96E72CA9} = {1D9AB036-09A0-4645-B692-4CFC6B63A5C9}
		{B0BAB02C-B713-4DA6-B59C-982361457489} = {9EAC2FB6-A28A-4851-B809-BF8216AAAFE0}
		{0FBA4154-8477-4C8E-BFF0-D5D9017F1064} = {B0BAB02C-B713-4DA6-B59C-982361457489}
		{C2382D3D-FEA5-4FD6-9856-16617438B9FE} = {0FBA4154-8477-4C8E-BFF0-D5D9017F1064}
		{36B6E819-E3CC-4536-8555-93A0EDE555D5} = {0FBA4154-8477-4C8E-BFF0-D5D9017F1064}
		{C027A7B1-5E62-4C61-AC28-B316DBE9CDA4} = {0FBA4154-8477-4C8E-BFF0-D5D9017F1064}
		{9CBE5504-41F4-41ED-AD7B-31667B842F24} = {0FBA4154-8477-4C8E-BFF0-D5D9017F1064}
		{F126C4B8-4A04-4CB1-86AB-05BD2EE9E6C5} = {0FBA4154-8477-4C8E-BFF0-D5D9017F1064}
		{3C6EBC0E-2677-4826-9B9F-D93547C4C483} = {0FBA4154-8477-4C8E-BFF0-D5D9017F1064}
		{41135277-9193-4152-9953-26FE37F0E2D4} = {1D9AB036-09A0-4645-B692-4CFC6B63A5C9}
		{EFBFEBE3-3518-4995-9D5C-F6A29BA4894F} = {1D9AB036-09A0-4645-B692-4CFC6B63A5C9}
		{3B7ADAD0-F810-48EB-9AF5-7580F403170F} = {9EAC2FB6-A28A-4851-B809-BF8216AAAFE0}
		{964E905E-FAD8-4098-8131-E7300F99B604} = {3B7ADAD0-F810-48EB-9AF5-7580F403170F}
		{9AF1ED86-13FC-4E46-9574-A9280E80B1F5} = {964E905E-FAD8-4098-8131-E7300F99B604}
		{F7B2195B-0E3F-46A4-8A5A-511B63980549} = {964E905E-FAD8-4098-8131-E7300F99B604}
		{9D030937-962B-4B73-85FC-C85D258A124D} = {964E905E-FAD8-4098-8131-E7300F99B604}
		{174F7743-BB3B-4352-B713-0F10AABC1991} = {964E905E-FAD8-4098-8131-E7300F99B604}
		{04B199FE-0FF7-459F-941E-AE548FF5C0B8} = {964E905E-FAD8-4098-8131-E7300F99B604}
		{4A5C9CD7-C670-4E3F-A9B2-4609CC29F00C} = {964E905E-FAD8-4098-8131-E7300F99B604}
		{D97B95F2-C139-42DE-940F-E2E5E034639B} = {964E905E-FAD8-4098-8131-E7300F99B604}
		{634BE0CD-3E3A-40CE-97A5-38C40D6DD867} = {964E905E-FAD8-4098-8131-E7300F99B604}
		{88FBA08B-9CAE-41DE-8573-EC9D657B3387} = {964E905E-FAD8-4098-8131-E7300F99B604}
		{A208061E-F61E-4A33-B5EF-1BC04654C1DE} = {9EAC2FB6-A28A-4851-B809-BF8216AAAFE0}
		{B5954512-7C9A-4B14-B06B-F1902B069D22} = {A208061E-F61E-4A33-B5EF-1BC04654C1DE}
		{8482613C-A53D-4934-91A5-2ABE101C1184} = {B5954512-7C9A-4B14-B06B-F1902B069D22}
		{41AE7D1C-13D0-4AC0-9F0E-2331FD29AF8B} = {B5954512-7C9A-4B14-B06B-F1902B069D22}
		{2D43D8FF-6355-4FB8-9320-DD94CED11D33} = {B5954512-7C9A-4B14-B06B-F1902B069D22}
		{04104956-87F3-49ED-B8E9-73D26E06C4AC} = {B5954512-7C9A-4B14-B06B-F1902B069D22}
		{FDCFFC01-8F1E-419D-AB62-59C3F48F9B50} = {B5954512-7C9A-4B14-B06B-F1902B069D22}
		{28DD881B-112A-4B96-AFE0-3B691A02D17E} = {B5954512-7C9A-4B14-B06B-F1902B069D22}
		{B65B0B9C-9776-4936-BFB9-07D73E4A9BCC} = {B5954512-7C9A-4B14-B06B-F1902B069D22}
		{235B7179-3769-4B02-9367-242ADF323486} = {B5954512-7C9A-4B14-B06B-F1902B069D22}
		{B4ED20E3-55A2-4F35-9FDD-68912752E081} = {B5954512-7C9A-4B14-B06B-F1902B069D22}
	EndGlobalSection
	GlobalSection(ExtensibilityGlobals) = postSolution
		SolutionGuid = {28315BFD-90E7-4E14-A2EA-F3D23AF4126F}
	EndGlobalSection
EndGlobal
